PODS:
  - FileKit (1.7.0)
  - RxSwift (2.0.0-alpha.4)
  - SnapKit (0.15.0)
  - SwiftKeychainWrapper (1.0.11)
  - VTAcknowledgementsViewController (0.15)

DEPENDENCIES:
  - FileKit (~> 1.7)
  - RxSwift (= 2.0.0-alpha.4)
  - SnapKit (~> 0.15)
  - SwiftKeychainWrapper (~> 1.0)
  - VTAcknowledgementsViewController (~> 0.15)

SPEC CHECKSUMS:
  FileKit: 87b034bc0964cf485e00f405d5fd86d5e63dc1bc
  RxSwift: 76dbcb12e55197533f8ace2af887511d7c9262dc
  SnapKit: 4962eed2ee18e48cbd2b2292fffc57efe7235f87
  SwiftKeychainWrapper: 011a6946923948ffa49708014dd691164d7621d1
  VTAcknowledgementsViewController: 575f5841fb47b7d9c852ccb406104ea68de07b21

COCOAPODS: 0.39.0
