// !$*UTF8*$!
{
	archiveVersion = 1;
	classes = {
	};
	objectVersion = 46;
	objects = {

/* Begin PBXBuildFile section */
		D70578501AA5EFF000040279 /* VPNTableViewController+Geo.swift in Sources */ = {isa = PBXBuildFile; fileRef = D705784F1AA5EFF000040279 /* VPNTableViewController+Geo.swift */; };
		D7322C7A1A6C024800B34AA0 /* LTViewControllerBackground.swift in Sources */ = {isa = PBXBuildFile; fileRef = D7322C791A6C024800B34AA0 /* LTViewControllerBackground.swift */; };
		D73C19F21AC1684D00C1A824 /* SwitchIconView.swift in Sources */ = {isa = PBXBuildFile; fileRef = D73C19F11AC1684D00C1A824 /* SwitchIconView.swift */; };
		D73C19F41AC168B900C1A824 /* ModeButton.swift in Sources */ = {isa = PBXBuildFile; fileRef = D73C19F31AC168B900C1A824 /* ModeButton.swift */; };
		D74129A91A5CFCDA008DE603 /* SimplePing.h in Headers */ = {isa = PBXBuildFile; fileRef = D74129A71A5CFCDA008DE603 /* SimplePing.h */; settings = {ATTRIBUTES = (Public, ); }; };
		D74129AA1A5CFCDA008DE603 /* SimplePing.m in Sources */ = {isa = PBXBuildFile; fileRef = D74129A81A5CFCDA008DE603 /* SimplePing.m */; };
		D74129B01A5D1A91008DE603 /* LTPingQueue.swift in Sources */ = {isa = PBXBuildFile; fileRef = D74129AF1A5D1A91008DE603 /* LTPingQueue.swift */; };
		D7453F2F1A31966F00F7E32D /* AppDelegate.swift in Sources */ = {isa = PBXBuildFile; fileRef = D7453F2E1A31966F00F7E32D /* AppDelegate.swift */; };
		D7453F391A31966F00F7E32D /* Images.xcassets in Resources */ = {isa = PBXBuildFile; fileRef = D7453F381A31966F00F7E32D /* Images.xcassets */; };
		D7453F3C1A31966F00F7E32D /* LaunchScreen.xib in Resources */ = {isa = PBXBuildFile; fileRef = D7453F3A1A31966F00F7E32D /* LaunchScreen.xib */; };
		D7453FA11A3196E200F7E32D /* VPN.swift in Sources */ = {isa = PBXBuildFile; fileRef = D7453F9C1A3196E200F7E32D /* VPN.swift */; };
		D7453FA21A3196E200F7E32D /* VPNDataManager+VPN.swift in Sources */ = {isa = PBXBuildFile; fileRef = D7453F9D1A3196E200F7E32D /* VPNDataManager+VPN.swift */; };
		D7453FA31A3196E200F7E32D /* VPNDataManager.swift in Sources */ = {isa = PBXBuildFile; fileRef = D7453F9E1A3196E200F7E32D /* VPNDataManager.swift */; };
		D7453FA41A3196E200F7E32D /* VPNOn.xcdatamodeld in Sources */ = {isa = PBXBuildFile; fileRef = D7453F9F1A3196E200F7E32D /* VPNOn.xcdatamodeld */; };
		D7453FA81A31975D00F7E32D /* VPNConfigViewController.swift in Sources */ = {isa = PBXBuildFile; fileRef = D7453FA51A31975D00F7E32D /* VPNConfigViewController.swift */; };
		D7453FAA1A31975D00F7E32D /* VPNTableViewController.swift in Sources */ = {isa = PBXBuildFile; fileRef = D7453FA71A31975D00F7E32D /* VPNTableViewController.swift */; };
		D74C91A61A383FED00EAAAE1 /* NotificationCenter.framework in Frameworks */ = {isa = PBXBuildFile; fileRef = D7453FB61A31A72600F7E32D /* NotificationCenter.framework */; };
		D74C91AB1A383FED00EAAAE1 /* TodayViewController.swift in Sources */ = {isa = PBXBuildFile; fileRef = D74C91AA1A383FED00EAAAE1 /* TodayViewController.swift */; };
		D74C91AD1A383FED00EAAAE1 /* MainInterface.storyboard in Resources */ = {isa = PBXBuildFile; fileRef = D74C91AC1A383FED00EAAAE1 /* MainInterface.storyboard */; };
		D74C91B01A383FED00EAAAE1 /* TodayWidget.appex in Embed App Extensions */ = {isa = PBXBuildFile; fileRef = D74C91A51A383FEC00EAAAE1 /* TodayWidget.appex */; settings = {ATTRIBUTES = (RemoveHeadersOnCopy, ); }; };
		D74C91B41A384AB800EAAAE1 /* VPN.swift in Sources */ = {isa = PBXBuildFile; fileRef = D7453F9C1A3196E200F7E32D /* VPN.swift */; };
		D74C91C71A399AA400EAAAE1 /* NetworkExtension.framework in Frameworks */ = {isa = PBXBuildFile; fileRef = D7453FAE1A31A69100F7E32D /* NetworkExtension.framework */; };
		D754E2041A3B3A1B00E8F135 /* VPNOnKit.h in Headers */ = {isa = PBXBuildFile; fileRef = D754E2011A3B3A1B00E8F135 /* VPNOnKit.h */; settings = {ATTRIBUTES = (Public, ); }; };
		D754E2171A3B3DE600E8F135 /* VPNOnKit.framework in Embed Frameworks */ = {isa = PBXBuildFile; fileRef = D757AF851A3B370E00AEF3CB /* VPNOnKit.framework */; settings = {ATTRIBUTES = (CodeSignOnCopy, RemoveHeadersOnCopy, ); }; };
		D754E21A1A3B3E8E00E8F135 /* VPNOnKit.framework in Frameworks */ = {isa = PBXBuildFile; fileRef = D757AF851A3B370E00AEF3CB /* VPNOnKit.framework */; };
		D754E21B1A3B3E9F00E8F135 /* VPNOnKit.framework in Frameworks */ = {isa = PBXBuildFile; fileRef = D757AF851A3B370E00AEF3CB /* VPNOnKit.framework */; };
		D757AF901A3B370E00AEF3CB /* VPNOnKit.framework in Frameworks */ = {isa = PBXBuildFile; fileRef = D757AF851A3B370E00AEF3CB /* VPNOnKit.framework */; };
		D757AF991A3B370E00AEF3CB /* VPNOnKitTests.swift in Sources */ = {isa = PBXBuildFile; fileRef = D757AF981A3B370E00AEF3CB /* VPNOnKitTests.swift */; };
		D757AFA91A3B374200AEF3CB /* VPNManager.swift in Sources */ = {isa = PBXBuildFile; fileRef = D757AFA61A3B374200AEF3CB /* VPNManager.swift */; };
		D757AFB31A3B392600AEF3CB /* Foundation.framework in Frameworks */ = {isa = PBXBuildFile; fileRef = D757AFB21A3B392600AEF3CB /* Foundation.framework */; };
		D757AFB41A3B392D00AEF3CB /* NetworkExtension.framework in Frameworks */ = {isa = PBXBuildFile; fileRef = D7453FAE1A31A69100F7E32D /* NetworkExtension.framework */; };
		D758FE0D1A5BE35000929494 /* AboutViewController.swift in Sources */ = {isa = PBXBuildFile; fileRef = D758FE0C1A5BE35000929494 /* AboutViewController.swift */; };
		D769FE941A7A3A3500EF1A1F /* Localizable.strings in Resources */ = {isa = PBXBuildFile; fileRef = D769FE961A7A3A3500EF1A1F /* Localizable.strings */; };
		D769FE9A1A7A3ADC00EF1A1F /* Localizable.strings in Resources */ = {isa = PBXBuildFile; fileRef = D769FE9C1A7A3ADC00EF1A1F /* Localizable.strings */; };
		D77110341A6D007C003D9605 /* VPNDataManager.swift in Sources */ = {isa = PBXBuildFile; fileRef = D7453F9E1A3196E200F7E32D /* VPNDataManager.swift */; };
		D77110351A6D0080003D9605 /* VPNDataManager+VPN.swift in Sources */ = {isa = PBXBuildFile; fileRef = D7453F9D1A3196E200F7E32D /* VPNDataManager+VPN.swift */; };
		D77110361A6D0095003D9605 /* VPNOn.xcdatamodeld in Sources */ = {isa = PBXBuildFile; fileRef = D7453F9F1A3196E200F7E32D /* VPNOn.xcdatamodeld */; };
		D77593D81A79E53C007161B2 /* VPNTableViewController+OnDemand.swift in Sources */ = {isa = PBXBuildFile; fileRef = D77593D71A79E53C007161B2 /* VPNTableViewController+OnDemand.swift */; };
		D77593DA1A79E674007161B2 /* VPNManager+Domains.swift in Sources */ = {isa = PBXBuildFile; fileRef = D77593D91A79E674007161B2 /* VPNManager+Domains.swift */; };
		D77593DB1A7A2E5A007161B2 /* Main.storyboard in Resources */ = {isa = PBXBuildFile; fileRef = D77593DD1A7A2E5A007161B2 /* Main.storyboard */; };
		D7784F9F1A75F330009360CE /* VPNSwitchCell.swift in Sources */ = {isa = PBXBuildFile; fileRef = D7784F9E1A75F330009360CE /* VPNSwitchCell.swift */; };
		D77F34191A6F7EA000796827 /* VPNConfigViewController+Manipulation.swift in Sources */ = {isa = PBXBuildFile; fileRef = D77F34181A6F7EA000796827 /* VPNConfigViewController+Manipulation.swift */; };
		D77F341B1A6F842C00796827 /* LTTableViewActionCell.swift in Sources */ = {isa = PBXBuildFile; fileRef = D77F341A1A6F842C00796827 /* LTTableViewActionCell.swift */; };
		D77F341D1A6F875E00796827 /* LTTextField.swift in Sources */ = {isa = PBXBuildFile; fileRef = D77F341C1A6F875E00796827 /* LTTextField.swift */; };
		D79083DA1A7BBD230089DB67 /* LTDarkGreenTheme.swift in Sources */ = {isa = PBXBuildFile; fileRef = D79083D91A7BBD230089DB67 /* LTDarkGreenTheme.swift */; };
		D79083DC1A7BBEF70089DB67 /* LTHelloKittyTheme.swift in Sources */ = {isa = PBXBuildFile; fileRef = D79083DB1A7BBEF70089DB67 /* LTHelloKittyTheme.swift */; };
		D79F73731A728EC900EB2289 /* VPN+URLScheme.swift in Sources */ = {isa = PBXBuildFile; fileRef = D79F73721A728EC900EB2289 /* VPN+URLScheme.swift */; };
		D79F73751A72923E00EB2289 /* VPNConfigViewController+Save.swift in Sources */ = {isa = PBXBuildFile; fileRef = D79F73741A72923E00EB2289 /* VPNConfigViewController+Save.swift */; };
		D7A9C4DE1BDD189400F06570 /* Eureka.framework in Frameworks */ = {isa = PBXBuildFile; fileRef = D7A9C4DB1BDD189400F06570 /* Eureka.framework */; };
		D7A9C4DF1BDD189400F06570 /* SwiftKeychainWrapper.framework in Frameworks */ = {isa = PBXBuildFile; fileRef = D7A9C4DC1BDD189400F06570 /* SwiftKeychainWrapper.framework */; };
		D7A9C4E01BDD189400F06570 /* SwiftyAcknowledgements.framework in Frameworks */ = {isa = PBXBuildFile; fileRef = D7A9C4DD1BDD189400F06570 /* SwiftyAcknowledgements.framework */; };
		D7A9C4E11BDD214C00F06570 /* SwiftKeychainWrapper.framework in Frameworks */ = {isa = PBXBuildFile; fileRef = D7A9C4DC1BDD189400F06570 /* SwiftKeychainWrapper.framework */; };
		D7A9C4E21BDD215400F06570 /* SwiftKeychainWrapper.framework in Frameworks */ = {isa = PBXBuildFile; fileRef = D7A9C4DC1BDD189400F06570 /* SwiftKeychainWrapper.framework */; };
		D7A9C4E71BDD245300F06570 /* Eureka.framework.dSYM in dSYM */ = {isa = PBXBuildFile; fileRef = D7A9C4E41BDD245300F06570 /* Eureka.framework.dSYM */; };
		D7A9C4E81BDD245300F06570 /* SwiftKeychainWrapper.framework.dSYM in dSYM */ = {isa = PBXBuildFile; fileRef = D7A9C4E51BDD245300F06570 /* SwiftKeychainWrapper.framework.dSYM */; };
		D7A9C4E91BDD245300F06570 /* SwiftyAcknowledgements.framework.dSYM in dSYM */ = {isa = PBXBuildFile; fileRef = D7A9C4E61BDD245300F06570 /* SwiftyAcknowledgements.framework.dSYM */; };
		D7A9C4EB1BDD262000F06570 /* Eureka.framework in Carthage Frameworks */ = {isa = PBXBuildFile; fileRef = D7A9C4DB1BDD189400F06570 /* Eureka.framework */; settings = {ATTRIBUTES = (CodeSignOnCopy, RemoveHeadersOnCopy, ); }; };
		D7A9C4EC1BDD262100F06570 /* SwiftKeychainWrapper.framework in Carthage Frameworks */ = {isa = PBXBuildFile; fileRef = D7A9C4DC1BDD189400F06570 /* SwiftKeychainWrapper.framework */; settings = {ATTRIBUTES = (CodeSignOnCopy, RemoveHeadersOnCopy, ); }; };
		D7A9C4ED1BDD262300F06570 /* SwiftyAcknowledgements.framework in Carthage Frameworks */ = {isa = PBXBuildFile; fileRef = D7A9C4DD1BDD189400F06570 /* SwiftyAcknowledgements.framework */; settings = {ATTRIBUTES = (CodeSignOnCopy, RemoveHeadersOnCopy, ); }; };
		D7A9C4EF1BDD267600F06570 /* SwiftKeychainWrapper.framework in Carthage Frameworks */ = {isa = PBXBuildFile; fileRef = D7A9C4DC1BDD189400F06570 /* SwiftKeychainWrapper.framework */; settings = {ATTRIBUTES = (CodeSignOnCopy, RemoveHeadersOnCopy, ); }; };
		D7A9C4F11BDD268200F06570 /* SwiftKeychainWrapper.framework in CopyFiles */ = {isa = PBXBuildFile; fileRef = D7A9C4DC1BDD189400F06570 /* SwiftKeychainWrapper.framework */; settings = {ATTRIBUTES = (CodeSignOnCopy, RemoveHeadersOnCopy, ); }; };
		D7A9C4F31BDD26AF00F06570 /* R.generated.swift in Sources */ = {isa = PBXBuildFile; fileRef = D7A9C4F21BDD26AF00F06570 /* R.generated.swift */; };
		D7B033BB1A6E5ED1009D791E /* VPNDataManager+ActivatedVPN.swift in Sources */ = {isa = PBXBuildFile; fileRef = D7B033BA1A6E5ED1009D791E /* VPNDataManager+ActivatedVPN.swift */; };
		D7B033BD1A6E5ED1009D791E /* VPNDataManager+ActivatedVPN.swift in Sources */ = {isa = PBXBuildFile; fileRef = D7B033BA1A6E5ED1009D791E /* VPNDataManager+ActivatedVPN.swift */; };
		D7BB2DCE1A6C066B00D8D581 /* LTTableViewCellTitle.swift in Sources */ = {isa = PBXBuildFile; fileRef = D7BB2DCD1A6C066B00D8D581 /* LTTableViewCellTitle.swift */; };
		D7BB2DD01A6C08BB00D8D581 /* LTSplitViewController.swift in Sources */ = {isa = PBXBuildFile; fileRef = D7BB2DCF1A6C08BB00D8D581 /* LTSplitViewController.swift */; };
		D7CB6A321A7B8FA500B8B568 /* LTLightTheme.swift in Sources */ = {isa = PBXBuildFile; fileRef = D7CB6A311A7B8FA500B8B568 /* LTLightTheme.swift */; };
		D7CB6A341A7B92CA00B8B568 /* LTDarkPurpleTheme.swift in Sources */ = {isa = PBXBuildFile; fileRef = D7CB6A331A7B92CA00B8B568 /* LTDarkPurpleTheme.swift */; };
		D7CFDDA51A9E05700057F53D /* VPNManager+Geo.swift in Sources */ = {isa = PBXBuildFile; fileRef = D7CFDDA41A9E05700057F53D /* VPNManager+Geo.swift */; };
		D7D4992F1A724B4C00B5F5ED /* VPNConfigViewController+Type.swift in Sources */ = {isa = PBXBuildFile; fileRef = D7D4992E1A724B4C00B5F5ED /* VPNConfigViewController+Type.swift */; };
		D7D499311A72542400B5F5ED /* LTTableViewCellDeclosureIndicator.swift in Sources */ = {isa = PBXBuildFile; fileRef = D7D499301A72542400B5F5ED /* LTTableViewCellDeclosureIndicator.swift */; };
		D7DBC12C1BBAEFDE004E2F3E /* VPNKeychainWrapper.swift in Sources */ = {isa = PBXBuildFile; fileRef = D7DBC12B1BBAEFDE004E2F3E /* VPNKeychainWrapper.swift */; };
		D7DDB5631A78AC7E00BE7FB7 /* VPNTypeTag.swift in Sources */ = {isa = PBXBuildFile; fileRef = D7DDB5611A78A1D100BE7FB7 /* VPNTypeTag.swift */; };
		D7DDB5651A78DA4600BE7FB7 /* VPNDomainsViewController.swift in Sources */ = {isa = PBXBuildFile; fileRef = D7DDB5641A78DA4600BE7FB7 /* VPNDomainsViewController.swift */; };
		D7E0A8211BE1140000414450 /* FlagKit.framework in Frameworks */ = {isa = PBXBuildFile; fileRef = D7E0A8201BE1140000414450 /* FlagKit.framework */; };
		D7E0A8221BE1140000414450 /* FlagKit.framework in Frameworks */ = {isa = PBXBuildFile; fileRef = D7E0A8201BE1140000414450 /* FlagKit.framework */; };
		D7E0A8251BE1141B00414450 /* FlagKit.framework.dSYM in dSYM */ = {isa = PBXBuildFile; fileRef = D7E0A8231BE1140900414450 /* FlagKit.framework.dSYM */; };
		D7E0A8261BE114E000414450 /* FlagKit.framework in Carthage Frameworks */ = {isa = PBXBuildFile; fileRef = D7E0A8201BE1140000414450 /* FlagKit.framework */; settings = {ATTRIBUTES = (CodeSignOnCopy, RemoveHeadersOnCopy, ); }; };
		D7E0A8271BE114E500414450 /* FlagKit.framework in Carthage Frameworks */ = {isa = PBXBuildFile; fileRef = D7E0A8201BE1140000414450 /* FlagKit.framework */; settings = {ATTRIBUTES = (CodeSignOnCopy, RemoveHeadersOnCopy, ); }; };
		D7E28A7F1A680D9400507F33 /* LTThemeManager.swift in Sources */ = {isa = PBXBuildFile; fileRef = D7E28A7B1A680D9400507F33 /* LTThemeManager.swift */; };
		D7E28A801A680D9400507F33 /* UIAppearance+Swift.m in Sources */ = {isa = PBXBuildFile; fileRef = D7E28A7D1A680D9400507F33 /* UIAppearance+Swift.m */; };
		D7E28A831A680DBD00507F33 /* LTTheme.swift in Sources */ = {isa = PBXBuildFile; fileRef = D7E28A821A680DBD00507F33 /* LTTheme.swift */; };
		D7E28A851A68118A00507F33 /* LTDarkTheme.swift in Sources */ = {isa = PBXBuildFile; fileRef = D7E28A841A68118A00507F33 /* LTDarkTheme.swift */; };
		D7E28A8D1A6A3C2B00507F33 /* VPNConfigViewController+TextField.swift in Sources */ = {isa = PBXBuildFile; fileRef = D7E28A8C1A6A3C2B00507F33 /* VPNConfigViewController+TextField.swift */; };
		D7EB524C1BBED5500021D93D /* VPNManager+Flags.swift in Sources */ = {isa = PBXBuildFile; fileRef = D7EB524B1BBED5500021D93D /* VPNManager+Flags.swift */; };
		D7EB524E1BBED6D70021D93D /* VPNManager+SelectedVPN.swift in Sources */ = {isa = PBXBuildFile; fileRef = D7EB524D1BBED6D70021D93D /* VPNManager+SelectedVPN.swift */; };
		D7EB52521BBEE3960021D93D /* AppDelegate+URLSchemes.swift in Sources */ = {isa = PBXBuildFile; fileRef = D7EB52511BBEE3960021D93D /* AppDelegate+URLSchemes.swift */; };
		D7EB525A1BBEE7A10021D93D /* VPNOnUITests.swift in Sources */ = {isa = PBXBuildFile; fileRef = D7EB52591BBEE7A10021D93D /* VPNOnUITests.swift */; };
		D7F0A01A1A6E47EA00F9C09A /* VPNDataManager+Selection.swift in Sources */ = {isa = PBXBuildFile; fileRef = D7F0A0191A6E47EA00F9C09A /* VPNDataManager+Selection.swift */; };
		D7F0A0201A6E484B00F9C09A /* VPNDataManager+Selection.swift in Sources */ = {isa = PBXBuildFile; fileRef = D7F0A0191A6E47EA00F9C09A /* VPNDataManager+Selection.swift */; };
		D7F0A0261A6E520300F9C09A /* VPNManager+ActivatedVPN.swift in Sources */ = {isa = PBXBuildFile; fileRef = D7F0A0251A6E520300F9C09A /* VPNManager+ActivatedVPN.swift */; };
		D7F64F021AA8407400C41789 /* VPNCell.swift in Sources */ = {isa = PBXBuildFile; fileRef = D7F64F011AA8407400C41789 /* VPNCell.swift */; };
		D7F64F041AA9B87300C41789 /* PlusMarkView.swift in Sources */ = {isa = PBXBuildFile; fileRef = D7F64F031AA9B87300C41789 /* PlusMarkView.swift */; };
		D7F64F061AA9B90000C41789 /* AddCell.swift in Sources */ = {isa = PBXBuildFile; fileRef = D7F64F051AA9B90000C41789 /* AddCell.swift */; };
		D7FEC8D01A7897310004E7FA /* VPNTableViewCell.swift in Sources */ = {isa = PBXBuildFile; fileRef = D7FEC8CF1A7897310004E7FA /* VPNTableViewCell.swift */; };
/* End PBXBuildFile section */

/* Begin PBXContainerItemProxy section */
		D754E20B1A3B3C7C00E8F135 /* PBXContainerItemProxy */ = {
			isa = PBXContainerItemProxy;
			containerPortal = D7453F211A31966F00F7E32D /* Project object */;
			proxyType = 1;
			remoteGlobalIDString = D74C91A41A383FEC00EAAAE1;
			remoteInfo = TodayWidget;
		};
		D754E2141A3B3DD900E8F135 /* PBXContainerItemProxy */ = {
			isa = PBXContainerItemProxy;
			containerPortal = D7453F211A31966F00F7E32D /* Project object */;
			proxyType = 1;
			remoteGlobalIDString = D757AF841A3B370E00AEF3CB;
			remoteInfo = VPNOnKit;
		};
		D757AF911A3B370E00AEF3CB /* PBXContainerItemProxy */ = {
			isa = PBXContainerItemProxy;
			containerPortal = D7453F211A31966F00F7E32D /* Project object */;
			proxyType = 1;
			remoteGlobalIDString = D757AF841A3B370E00AEF3CB;
			remoteInfo = VPNOnKit;
		};
		D757AF931A3B370E00AEF3CB /* PBXContainerItemProxy */ = {
			isa = PBXContainerItemProxy;
			containerPortal = D7453F211A31966F00F7E32D /* Project object */;
			proxyType = 1;
			remoteGlobalIDString = D7453F281A31966F00F7E32D;
			remoteInfo = VPNOn;
		};
		D757AFAF1A3B379000AEF3CB /* PBXContainerItemProxy */ = {
			isa = PBXContainerItemProxy;
			containerPortal = D7453F211A31966F00F7E32D /* Project object */;
			proxyType = 1;
			remoteGlobalIDString = D757AF841A3B370E00AEF3CB;
			remoteInfo = VPNOnKit;
		};
		D7EB525C1BBEE7A10021D93D /* PBXContainerItemProxy */ = {
			isa = PBXContainerItemProxy;
			containerPortal = D7453F211A31966F00F7E32D /* Project object */;
			proxyType = 1;
			remoteGlobalIDString = D7453F281A31966F00F7E32D;
			remoteInfo = VPNOn;
		};
/* End PBXContainerItemProxy section */

/* Begin PBXCopyFilesBuildPhase section */
		D7453FC51A31A72600F7E32D /* Embed App Extensions */ = {
			isa = PBXCopyFilesBuildPhase;
			buildActionMask = 2147483647;
			dstPath = "";
			dstSubfolderSpec = 13;
			files = (
				D74C91B01A383FED00EAAAE1 /* TodayWidget.appex in Embed App Extensions */,
			);
			name = "Embed App Extensions";
			runOnlyForDeploymentPostprocessing = 0;
		};
		D754E2161A3B3DDE00E8F135 /* Embed Frameworks */ = {
			isa = PBXCopyFilesBuildPhase;
			buildActionMask = 2147483647;
			dstPath = "";
			dstSubfolderSpec = 10;
			files = (
				D754E2171A3B3DE600E8F135 /* VPNOnKit.framework in Embed Frameworks */,
			);
			name = "Embed Frameworks";
			runOnlyForDeploymentPostprocessing = 0;
		};
		D7A9C4E31BDD242C00F06570 /* dSYM */ = {
			isa = PBXCopyFilesBuildPhase;
			buildActionMask = 2147483647;
			dstPath = "";
			dstSubfolderSpec = 16;
			files = (
				D7A9C4E71BDD245300F06570 /* Eureka.framework.dSYM in dSYM */,
				D7A9C4E81BDD245300F06570 /* SwiftKeychainWrapper.framework.dSYM in dSYM */,
				D7A9C4E91BDD245300F06570 /* SwiftyAcknowledgements.framework.dSYM in dSYM */,
				D7E0A8251BE1141B00414450 /* FlagKit.framework.dSYM in dSYM */,
			);
			name = dSYM;
			runOnlyForDeploymentPostprocessing = 0;
		};
		D7A9C4EA1BDD261800F06570 /* Carthage Frameworks */ = {
			isa = PBXCopyFilesBuildPhase;
			buildActionMask = 2147483647;
			dstPath = "";
			dstSubfolderSpec = 10;
			files = (
				D7A9C4EB1BDD262000F06570 /* Eureka.framework in Carthage Frameworks */,
				D7A9C4EC1BDD262100F06570 /* SwiftKeychainWrapper.framework in Carthage Frameworks */,
				D7A9C4ED1BDD262300F06570 /* SwiftyAcknowledgements.framework in Carthage Frameworks */,
				D7E0A8261BE114E000414450 /* FlagKit.framework in Carthage Frameworks */,
			);
			name = "Carthage Frameworks";
			runOnlyForDeploymentPostprocessing = 0;
		};
		D7A9C4EE1BDD264500F06570 /* Carthage Frameworks */ = {
			isa = PBXCopyFilesBuildPhase;
			buildActionMask = 2147483647;
			dstPath = "";
			dstSubfolderSpec = 10;
			files = (
				D7A9C4EF1BDD267600F06570 /* SwiftKeychainWrapper.framework in Carthage Frameworks */,
				D7E0A8271BE114E500414450 /* FlagKit.framework in Carthage Frameworks */,
			);
			name = "Carthage Frameworks";
			runOnlyForDeploymentPostprocessing = 0;
		};
		D7A9C4F01BDD267E00F06570 /* CopyFiles */ = {
			isa = PBXCopyFilesBuildPhase;
			buildActionMask = 2147483647;
			dstPath = "";
			dstSubfolderSpec = 10;
			files = (
				D7A9C4F11BDD268200F06570 /* SwiftKeychainWrapper.framework in CopyFiles */,
			);
			runOnlyForDeploymentPostprocessing = 0;
		};
/* End PBXCopyFilesBuildPhase section */

/* Begin PBXFileReference section */
		0597A0AEA458B88579675D66 /* Pods-VPNOn.release.xcconfig */ = {isa = PBXFileReference; includeInIndex = 1; lastKnownFileType = text.xcconfig; name = "Pods-VPNOn.release.xcconfig"; path = "Pods/Target Support Files/Pods-VPNOn/Pods-VPNOn.release.xcconfig"; sourceTree = "<group>"; };
		09B98968B0D53B2A270E0EA3 /* Pods-VPNOnTests.release.xcconfig */ = {isa = PBXFileReference; includeInIndex = 1; lastKnownFileType = text.xcconfig; name = "Pods-VPNOnTests.release.xcconfig"; path = "Pods/Target Support Files/Pods-VPNOnTests/Pods-VPNOnTests.release.xcconfig"; sourceTree = "<group>"; };
		0D406054773CBA28C89B27BD /* Pods-VPNOnKitTests.debug.xcconfig */ = {isa = PBXFileReference; includeInIndex = 1; lastKnownFileType = text.xcconfig; name = "Pods-VPNOnKitTests.debug.xcconfig"; path = "Pods/Target Support Files/Pods-VPNOnKitTests/Pods-VPNOnKitTests.debug.xcconfig"; sourceTree = "<group>"; };
		4F8497674CA8667A1D05F163 /* Pods-VPNOn.debug.xcconfig */ = {isa = PBXFileReference; includeInIndex = 1; lastKnownFileType = text.xcconfig; name = "Pods-VPNOn.debug.xcconfig"; path = "Pods/Target Support Files/Pods-VPNOn/Pods-VPNOn.debug.xcconfig"; sourceTree = "<group>"; };
		57F2533DAE31ADC78D5966EA /* Pods-VPNOnTests.debug.xcconfig */ = {isa = PBXFileReference; includeInIndex = 1; lastKnownFileType = text.xcconfig; name = "Pods-VPNOnTests.debug.xcconfig"; path = "Pods/Target Support Files/Pods-VPNOnTests/Pods-VPNOnTests.debug.xcconfig"; sourceTree = "<group>"; };
		9BF64EC5788BBAB4EE75C1D7 /* Pods-TodayWidget.release.xcconfig */ = {isa = PBXFileReference; includeInIndex = 1; lastKnownFileType = text.xcconfig; name = "Pods-TodayWidget.release.xcconfig"; path = "Pods/Target Support Files/Pods-TodayWidget/Pods-TodayWidget.release.xcconfig"; sourceTree = "<group>"; };
		9ED5BB16EE1D06D36E03A904 /* Pods-VPNOnKitTests.release.xcconfig */ = {isa = PBXFileReference; includeInIndex = 1; lastKnownFileType = text.xcconfig; name = "Pods-VPNOnKitTests.release.xcconfig"; path = "Pods/Target Support Files/Pods-VPNOnKitTests/Pods-VPNOnKitTests.release.xcconfig"; sourceTree = "<group>"; };
		ADAE1015513E5D274186BA78 /* Pods-VPNOnKit.release.xcconfig */ = {isa = PBXFileReference; includeInIndex = 1; lastKnownFileType = text.xcconfig; name = "Pods-VPNOnKit.release.xcconfig"; path = "Pods/Target Support Files/Pods-VPNOnKit/Pods-VPNOnKit.release.xcconfig"; sourceTree = "<group>"; };
		B049947EF6748F9B90FCA3FF /* Pods-TodayWidget.debug.xcconfig */ = {isa = PBXFileReference; includeInIndex = 1; lastKnownFileType = text.xcconfig; name = "Pods-TodayWidget.debug.xcconfig"; path = "Pods/Target Support Files/Pods-TodayWidget/Pods-TodayWidget.debug.xcconfig"; sourceTree = "<group>"; };
		D70187501BD37B1E00A78112 /* VPN On 5.xcdatamodel */ = {isa = PBXFileReference; lastKnownFileType = wrapper.xcdatamodel; path = "VPN On 5.xcdatamodel"; sourceTree = "<group>"; };
		D705784F1AA5EFF000040279 /* VPNTableViewController+Geo.swift */ = {isa = PBXFileReference; fileEncoding = 4; lastKnownFileType = sourcecode.swift; path = "VPNTableViewController+Geo.swift"; sourceTree = "<group>"; };
		D7095DB91A81C54600BAF797 /* ko */ = {isa = PBXFileReference; lastKnownFileType = text.plist.strings; name = ko; path = ko.lproj/Main.strings; sourceTree = "<group>"; };
		D7095DBA1A81C54600BAF797 /* ko */ = {isa = PBXFileReference; lastKnownFileType = text.plist.strings; name = ko; path = ko.lproj/Localizable.strings; sourceTree = "<group>"; };
		D7095DBB1A81C54600BAF797 /* ko */ = {isa = PBXFileReference; lastKnownFileType = text.plist.strings; name = ko; path = ko.lproj/Localizable.strings; sourceTree = "<group>"; };
		D7095DBC1A81CBE500BAF797 /* ru */ = {isa = PBXFileReference; lastKnownFileType = text.plist.strings; name = ru; path = ru.lproj/Main.strings; sourceTree = "<group>"; };
		D7095DBD1A81CBE500BAF797 /* ru */ = {isa = PBXFileReference; lastKnownFileType = text.plist.strings; name = ru; path = ru.lproj/Localizable.strings; sourceTree = "<group>"; };
		D7095DBE1A81CBE500BAF797 /* ru */ = {isa = PBXFileReference; lastKnownFileType = text.plist.strings; name = ru; path = ru.lproj/Localizable.strings; sourceTree = "<group>"; };
		D7095DBF1A81CF3200BAF797 /* es */ = {isa = PBXFileReference; lastKnownFileType = text.plist.strings; name = es; path = es.lproj/Main.strings; sourceTree = "<group>"; };
		D7095DC01A81CF3200BAF797 /* es */ = {isa = PBXFileReference; lastKnownFileType = text.plist.strings; name = es; path = es.lproj/Localizable.strings; sourceTree = "<group>"; };
		D7095DC11A81CF3200BAF797 /* es */ = {isa = PBXFileReference; lastKnownFileType = text.plist.strings; name = es; path = es.lproj/Localizable.strings; sourceTree = "<group>"; };
		D7095DC21A8307B400BAF797 /* de */ = {isa = PBXFileReference; lastKnownFileType = text.plist.strings; name = de; path = de.lproj/Main.strings; sourceTree = "<group>"; };
		D7095DC31A8307B400BAF797 /* de */ = {isa = PBXFileReference; lastKnownFileType = text.plist.strings; name = de; path = de.lproj/Localizable.strings; sourceTree = "<group>"; };
		D7095DC41A8307B400BAF797 /* de */ = {isa = PBXFileReference; lastKnownFileType = text.plist.strings; name = de; path = de.lproj/Localizable.strings; sourceTree = "<group>"; };
		D7095DD01A84923A00BAF797 /* ja */ = {isa = PBXFileReference; lastKnownFileType = text.plist.strings; name = ja; path = ja.lproj/Main.strings; sourceTree = "<group>"; };
		D7095DD11A84923A00BAF797 /* ja */ = {isa = PBXFileReference; lastKnownFileType = text.plist.strings; name = ja; path = ja.lproj/Localizable.strings; sourceTree = "<group>"; };
		D7095DD21A84923A00BAF797 /* ja */ = {isa = PBXFileReference; lastKnownFileType = text.plist.strings; name = ja; path = ja.lproj/Localizable.strings; sourceTree = "<group>"; };
		D72403361A8B32A70066CA47 /* en-US */ = {isa = PBXFileReference; lastKnownFileType = text.plist.strings; name = "en-US"; path = "en-US.lproj/Main.strings"; sourceTree = "<group>"; };
		D72403371A8B32A70066CA47 /* en-US */ = {isa = PBXFileReference; lastKnownFileType = text.plist.strings; name = "en-US"; path = "en-US.lproj/Localizable.strings"; sourceTree = "<group>"; };
		D72403381A8B32A70066CA47 /* en-US */ = {isa = PBXFileReference; lastKnownFileType = text.plist.strings; name = "en-US"; path = "en-US.lproj/Localizable.strings"; sourceTree = "<group>"; };
		D7322C791A6C024800B34AA0 /* LTViewControllerBackground.swift */ = {isa = PBXFileReference; fileEncoding = 4; lastKnownFileType = sourcecode.swift; path = LTViewControllerBackground.swift; sourceTree = "<group>"; };
		D73C19F11AC1684D00C1A824 /* SwitchIconView.swift */ = {isa = PBXFileReference; fileEncoding = 4; lastKnownFileType = sourcecode.swift; path = SwitchIconView.swift; sourceTree = "<group>"; };
		D73C19F31AC168B900C1A824 /* ModeButton.swift */ = {isa = PBXFileReference; fileEncoding = 4; lastKnownFileType = sourcecode.swift; path = ModeButton.swift; sourceTree = "<group>"; };
		D74129A71A5CFCDA008DE603 /* SimplePing.h */ = {isa = PBXFileReference; fileEncoding = 4; lastKnownFileType = sourcecode.c.h; path = SimplePing.h; sourceTree = "<group>"; };
		D74129A81A5CFCDA008DE603 /* SimplePing.m */ = {isa = PBXFileReference; fileEncoding = 4; lastKnownFileType = sourcecode.c.objc; path = SimplePing.m; sourceTree = "<group>"; };
		D74129AF1A5D1A91008DE603 /* LTPingQueue.swift */ = {isa = PBXFileReference; fileEncoding = 4; lastKnownFileType = sourcecode.swift; path = LTPingQueue.swift; sourceTree = "<group>"; };
		D7453F291A31966F00F7E32D /* VPN On.app */ = {isa = PBXFileReference; explicitFileType = wrapper.application; includeInIndex = 0; path = "VPN On.app"; sourceTree = BUILT_PRODUCTS_DIR; };
		D7453F2D1A31966F00F7E32D /* Info.plist */ = {isa = PBXFileReference; lastKnownFileType = text.plist.xml; path = Info.plist; sourceTree = "<group>"; };
		D7453F2E1A31966F00F7E32D /* AppDelegate.swift */ = {isa = PBXFileReference; lastKnownFileType = sourcecode.swift; path = AppDelegate.swift; sourceTree = "<group>"; };
		D7453F381A31966F00F7E32D /* Images.xcassets */ = {isa = PBXFileReference; lastKnownFileType = folder.assetcatalog; path = Images.xcassets; sourceTree = "<group>"; };
		D7453F3B1A31966F00F7E32D /* Base */ = {isa = PBXFileReference; lastKnownFileType = file.xib; name = Base; path = Base.lproj/LaunchScreen.xib; sourceTree = "<group>"; };
		D7453F9C1A3196E200F7E32D /* VPN.swift */ = {isa = PBXFileReference; fileEncoding = 4; lastKnownFileType = sourcecode.swift; path = VPN.swift; sourceTree = "<group>"; };
		D7453F9D1A3196E200F7E32D /* VPNDataManager+VPN.swift */ = {isa = PBXFileReference; fileEncoding = 4; lastKnownFileType = sourcecode.swift; path = "VPNDataManager+VPN.swift"; sourceTree = "<group>"; };
		D7453F9E1A3196E200F7E32D /* VPNDataManager.swift */ = {isa = PBXFileReference; fileEncoding = 4; lastKnownFileType = sourcecode.swift; path = VPNDataManager.swift; sourceTree = "<group>"; };
		D7453FA01A3196E200F7E32D /* VPN On.xcdatamodel */ = {isa = PBXFileReference; lastKnownFileType = wrapper.xcdatamodel; path = "VPN On.xcdatamodel"; sourceTree = "<group>"; };
		D7453FA51A31975D00F7E32D /* VPNConfigViewController.swift */ = {isa = PBXFileReference; fileEncoding = 4; lastKnownFileType = sourcecode.swift; path = VPNConfigViewController.swift; sourceTree = "<group>"; };
		D7453FA71A31975D00F7E32D /* VPNTableViewController.swift */ = {isa = PBXFileReference; fileEncoding = 4; lastKnownFileType = sourcecode.swift; path = VPNTableViewController.swift; sourceTree = "<group>"; };
		D7453FAD1A31A68300F7E32D /* VPNOn.entitlements */ = {isa = PBXFileReference; lastKnownFileType = text.xml; path = VPNOn.entitlements; sourceTree = "<group>"; };
		D7453FAE1A31A69100F7E32D /* NetworkExtension.framework */ = {isa = PBXFileReference; lastKnownFileType = wrapper.framework; name = NetworkExtension.framework; path = System/Library/Frameworks/NetworkExtension.framework; sourceTree = SDKROOT; };
		D7453FB61A31A72600F7E32D /* NotificationCenter.framework */ = {isa = PBXFileReference; lastKnownFileType = wrapper.framework; name = NotificationCenter.framework; path = System/Library/Frameworks/NotificationCenter.framework; sourceTree = SDKROOT; };
		D74C91A51A383FEC00EAAAE1 /* TodayWidget.appex */ = {isa = PBXFileReference; explicitFileType = "wrapper.app-extension"; includeInIndex = 0; path = TodayWidget.appex; sourceTree = BUILT_PRODUCTS_DIR; };
		D74C91A91A383FED00EAAAE1 /* Info.plist */ = {isa = PBXFileReference; lastKnownFileType = text.plist.xml; path = Info.plist; sourceTree = "<group>"; };
		D74C91AA1A383FED00EAAAE1 /* TodayViewController.swift */ = {isa = PBXFileReference; lastKnownFileType = sourcecode.swift; path = TodayViewController.swift; sourceTree = "<group>"; };
		D74C91AC1A383FED00EAAAE1 /* MainInterface.storyboard */ = {isa = PBXFileReference; lastKnownFileType = file.storyboard; path = MainInterface.storyboard; sourceTree = "<group>"; };
		D74C91C61A399A8200EAAAE1 /* TodayWidget.entitlements */ = {isa = PBXFileReference; lastKnownFileType = text.xml; path = TodayWidget.entitlements; sourceTree = "<group>"; };
		D754E2011A3B3A1B00E8F135 /* VPNOnKit.h */ = {isa = PBXFileReference; fileEncoding = 4; lastKnownFileType = sourcecode.c.h; path = VPNOnKit.h; sourceTree = "<group>"; };
		D7568ADC1B023C930017576A /* tr */ = {isa = PBXFileReference; lastKnownFileType = text.plist.strings; name = tr; path = tr.lproj/Main.strings; sourceTree = "<group>"; };
		D7568ADD1B023C930017576A /* tr */ = {isa = PBXFileReference; lastKnownFileType = text.plist.strings; name = tr; path = tr.lproj/Localizable.strings; sourceTree = "<group>"; };
		D7568ADE1B023C930017576A /* tr */ = {isa = PBXFileReference; lastKnownFileType = text.plist.strings; name = tr; path = tr.lproj/Localizable.strings; sourceTree = "<group>"; };
		D757AF851A3B370E00AEF3CB /* VPNOnKit.framework */ = {isa = PBXFileReference; explicitFileType = wrapper.framework; includeInIndex = 0; path = VPNOnKit.framework; sourceTree = BUILT_PRODUCTS_DIR; };
		D757AF881A3B370E00AEF3CB /* Info.plist */ = {isa = PBXFileReference; lastKnownFileType = text.plist.xml; path = Info.plist; sourceTree = "<group>"; };
		D757AF8F1A3B370E00AEF3CB /* VPNOnKitTests.xctest */ = {isa = PBXFileReference; explicitFileType = wrapper.cfbundle; includeInIndex = 0; path = VPNOnKitTests.xctest; sourceTree = BUILT_PRODUCTS_DIR; };
		D757AF971A3B370E00AEF3CB /* Info.plist */ = {isa = PBXFileReference; lastKnownFileType = text.plist.xml; path = Info.plist; sourceTree = "<group>"; };
		D757AF981A3B370E00AEF3CB /* VPNOnKitTests.swift */ = {isa = PBXFileReference; lastKnownFileType = sourcecode.swift; path = VPNOnKitTests.swift; sourceTree = "<group>"; };
		D757AFA61A3B374200AEF3CB /* VPNManager.swift */ = {isa = PBXFileReference; fileEncoding = 4; lastKnownFileType = sourcecode.swift; path = VPNManager.swift; sourceTree = "<group>"; };
		D757AFB21A3B392600AEF3CB /* Foundation.framework */ = {isa = PBXFileReference; lastKnownFileType = wrapper.framework; name = Foundation.framework; path = System/Library/Frameworks/Foundation.framework; sourceTree = SDKROOT; };
		D758FE0C1A5BE35000929494 /* AboutViewController.swift */ = {isa = PBXFileReference; fileEncoding = 4; lastKnownFileType = sourcecode.swift; path = AboutViewController.swift; sourceTree = "<group>"; };
		D75E75841A85DAF9004130D6 /* pl */ = {isa = PBXFileReference; lastKnownFileType = text.plist.strings; name = pl; path = pl.lproj/Main.strings; sourceTree = "<group>"; };
		D75E75851A85DAF9004130D6 /* pl */ = {isa = PBXFileReference; lastKnownFileType = text.plist.strings; name = pl; path = pl.lproj/Localizable.strings; sourceTree = "<group>"; };
		D75E75861A85DAF9004130D6 /* pl */ = {isa = PBXFileReference; lastKnownFileType = text.plist.strings; name = pl; path = pl.lproj/Localizable.strings; sourceTree = "<group>"; };
		D75E75871A85E50C004130D6 /* it */ = {isa = PBXFileReference; lastKnownFileType = text.plist.strings; name = it; path = it.lproj/Main.strings; sourceTree = "<group>"; };
		D75E75881A85E50C004130D6 /* it */ = {isa = PBXFileReference; lastKnownFileType = text.plist.strings; name = it; path = it.lproj/Localizable.strings; sourceTree = "<group>"; };
		D75E75891A85E50C004130D6 /* it */ = {isa = PBXFileReference; lastKnownFileType = text.plist.strings; name = it; path = it.lproj/Localizable.strings; sourceTree = "<group>"; };
		D769FE951A7A3A3500EF1A1F /* Base */ = {isa = PBXFileReference; lastKnownFileType = text.plist.strings; name = Base; path = Base.lproj/Localizable.strings; sourceTree = "<group>"; };
		D769FE971A7A3A3700EF1A1F /* zh-Hans */ = {isa = PBXFileReference; lastKnownFileType = text.plist.strings; name = "zh-Hans"; path = "zh-Hans.lproj/Localizable.strings"; sourceTree = "<group>"; };
		D769FE9B1A7A3ADC00EF1A1F /* Base */ = {isa = PBXFileReference; lastKnownFileType = text.plist.strings; name = Base; path = Base.lproj/Localizable.strings; sourceTree = "<group>"; };
		D769FE9D1A7A3ADD00EF1A1F /* zh-Hans */ = {isa = PBXFileReference; lastKnownFileType = text.plist.strings; name = "zh-Hans"; path = "zh-Hans.lproj/Localizable.strings"; sourceTree = "<group>"; };
		D769FE9E1A7A3E1800EF1A1F /* zh-Hant-TW */ = {isa = PBXFileReference; lastKnownFileType = text.plist.strings; name = "zh-Hant-TW"; path = "zh-Hant-TW.lproj/Main.strings"; sourceTree = "<group>"; };
		D769FE9F1A7A3E1800EF1A1F /* zh-Hant-TW */ = {isa = PBXFileReference; lastKnownFileType = text.plist.strings; name = "zh-Hant-TW"; path = "zh-Hant-TW.lproj/Localizable.strings"; sourceTree = "<group>"; };
		D769FEA01A7A3E1800EF1A1F /* zh-Hant-TW */ = {isa = PBXFileReference; lastKnownFileType = text.plist.strings; name = "zh-Hant-TW"; path = "zh-Hant-TW.lproj/Localizable.strings"; sourceTree = "<group>"; };
		D769FEA11A7A3F1900EF1A1F /* zh-Hant-HK */ = {isa = PBXFileReference; lastKnownFileType = text.plist.strings; name = "zh-Hant-HK"; path = "zh-Hant-HK.lproj/Main.strings"; sourceTree = "<group>"; };
		D769FEA21A7A3F1900EF1A1F /* zh-Hant-HK */ = {isa = PBXFileReference; lastKnownFileType = text.plist.strings; name = "zh-Hant-HK"; path = "zh-Hant-HK.lproj/Localizable.strings"; sourceTree = "<group>"; };
		D769FEA31A7A3F1900EF1A1F /* zh-Hant-HK */ = {isa = PBXFileReference; lastKnownFileType = text.plist.strings; name = "zh-Hant-HK"; path = "zh-Hant-HK.lproj/Localizable.strings"; sourceTree = "<group>"; };
		D77593D71A79E53C007161B2 /* VPNTableViewController+OnDemand.swift */ = {isa = PBXFileReference; fileEncoding = 4; lastKnownFileType = sourcecode.swift; path = "VPNTableViewController+OnDemand.swift"; sourceTree = "<group>"; };
		D77593D91A79E674007161B2 /* VPNManager+Domains.swift */ = {isa = PBXFileReference; fileEncoding = 4; lastKnownFileType = sourcecode.swift; path = "VPNManager+Domains.swift"; sourceTree = "<group>"; };
		D77593DC1A7A2E5A007161B2 /* Base */ = {isa = PBXFileReference; lastKnownFileType = file.storyboard; name = Base; path = Base.lproj/Main.storyboard; sourceTree = "<group>"; };
		D77593E21A7A2F12007161B2 /* zh-Hans */ = {isa = PBXFileReference; lastKnownFileType = text.plist.strings; name = "zh-Hans"; path = "zh-Hans.lproj/Main.strings"; sourceTree = "<group>"; };
		D7784F9E1A75F330009360CE /* VPNSwitchCell.swift */ = {isa = PBXFileReference; fileEncoding = 4; lastKnownFileType = sourcecode.swift; path = VPNSwitchCell.swift; sourceTree = "<group>"; };
		D77F34181A6F7EA000796827 /* VPNConfigViewController+Manipulation.swift */ = {isa = PBXFileReference; fileEncoding = 4; lastKnownFileType = sourcecode.swift; path = "VPNConfigViewController+Manipulation.swift"; sourceTree = "<group>"; };
		D77F341A1A6F842C00796827 /* LTTableViewActionCell.swift */ = {isa = PBXFileReference; fileEncoding = 4; lastKnownFileType = sourcecode.swift; path = LTTableViewActionCell.swift; sourceTree = "<group>"; };
		D77F341C1A6F875E00796827 /* LTTextField.swift */ = {isa = PBXFileReference; fileEncoding = 4; lastKnownFileType = sourcecode.swift; path = LTTextField.swift; sourceTree = "<group>"; };
		D783CC9C1B2ADE290087FFC1 /* nl-NL */ = {isa = PBXFileReference; lastKnownFileType = text.plist.strings; name = "nl-NL"; path = "nl-NL.lproj/Main.strings"; sourceTree = "<group>"; };
		D783CC9D1B2ADE290087FFC1 /* nl-NL */ = {isa = PBXFileReference; lastKnownFileType = text.plist.strings; name = "nl-NL"; path = "nl-NL.lproj/Localizable.strings"; sourceTree = "<group>"; };
		D783CC9E1B2ADE290087FFC1 /* nl-NL */ = {isa = PBXFileReference; lastKnownFileType = text.plist.strings; name = "nl-NL"; path = "nl-NL.lproj/Localizable.strings"; sourceTree = "<group>"; };
		D79083D91A7BBD230089DB67 /* LTDarkGreenTheme.swift */ = {isa = PBXFileReference; fileEncoding = 4; lastKnownFileType = sourcecode.swift; path = LTDarkGreenTheme.swift; sourceTree = "<group>"; };
		D79083DB1A7BBEF70089DB67 /* LTHelloKittyTheme.swift */ = {isa = PBXFileReference; fileEncoding = 4; lastKnownFileType = sourcecode.swift; path = LTHelloKittyTheme.swift; sourceTree = "<group>"; };
		D79F73711A728C7D00EB2289 /* VPN On 3.xcdatamodel */ = {isa = PBXFileReference; lastKnownFileType = wrapper.xcdatamodel; path = "VPN On 3.xcdatamodel"; sourceTree = "<group>"; };
		D79F73721A728EC900EB2289 /* VPN+URLScheme.swift */ = {isa = PBXFileReference; fileEncoding = 4; lastKnownFileType = sourcecode.swift; path = "VPN+URLScheme.swift"; sourceTree = "<group>"; };
		D79F73741A72923E00EB2289 /* VPNConfigViewController+Save.swift */ = {isa = PBXFileReference; fileEncoding = 4; lastKnownFileType = sourcecode.swift; path = "VPNConfigViewController+Save.swift"; sourceTree = "<group>"; };
		D7A025071A873A1300417B33 /* fr */ = {isa = PBXFileReference; lastKnownFileType = text.plist.strings; name = fr; path = fr.lproj/Main.strings; sourceTree = "<group>"; };
		D7A025081A873A1300417B33 /* fr */ = {isa = PBXFileReference; lastKnownFileType = text.plist.strings; name = fr; path = fr.lproj/Localizable.strings; sourceTree = "<group>"; };
		D7A025091A873A1300417B33 /* fr */ = {isa = PBXFileReference; lastKnownFileType = text.plist.strings; name = fr; path = fr.lproj/Localizable.strings; sourceTree = "<group>"; };
		D7A0250A1A873A2F00417B33 /* AppStoreAssets */ = {isa = PBXFileReference; lastKnownFileType = folder; path = AppStoreAssets; sourceTree = "<group>"; };
		D7A0250B1A873AB800417B33 /* vi */ = {isa = PBXFileReference; lastKnownFileType = text.plist.strings; name = vi; path = vi.lproj/Main.strings; sourceTree = "<group>"; };
		D7A0250C1A873AB800417B33 /* vi */ = {isa = PBXFileReference; lastKnownFileType = text.plist.strings; name = vi; path = vi.lproj/Localizable.strings; sourceTree = "<group>"; };
		D7A0250D1A873AB900417B33 /* vi */ = {isa = PBXFileReference; lastKnownFileType = text.plist.strings; name = vi; path = vi.lproj/Localizable.strings; sourceTree = "<group>"; };
		D7A9C4DB1BDD189400F06570 /* Eureka.framework */ = {isa = PBXFileReference; lastKnownFileType = wrapper.framework; name = Eureka.framework; path = Carthage/Build/iOS/Eureka.framework; sourceTree = "<group>"; };
		D7A9C4DC1BDD189400F06570 /* SwiftKeychainWrapper.framework */ = {isa = PBXFileReference; lastKnownFileType = wrapper.framework; name = SwiftKeychainWrapper.framework; path = Carthage/Build/iOS/SwiftKeychainWrapper.framework; sourceTree = "<group>"; };
		D7A9C4DD1BDD189400F06570 /* SwiftyAcknowledgements.framework */ = {isa = PBXFileReference; lastKnownFileType = wrapper.framework; name = SwiftyAcknowledgements.framework; path = Carthage/Build/iOS/SwiftyAcknowledgements.framework; sourceTree = "<group>"; };
		D7A9C4E41BDD245300F06570 /* Eureka.framework.dSYM */ = {isa = PBXFileReference; lastKnownFileType = wrapper.dsym; name = Eureka.framework.dSYM; path = Carthage/Build/iOS/Eureka.framework.dSYM; sourceTree = "<group>"; };
		D7A9C4E51BDD245300F06570 /* SwiftKeychainWrapper.framework.dSYM */ = {isa = PBXFileReference; lastKnownFileType = wrapper.dsym; name = SwiftKeychainWrapper.framework.dSYM; path = Carthage/Build/iOS/SwiftKeychainWrapper.framework.dSYM; sourceTree = "<group>"; };
		D7A9C4E61BDD245300F06570 /* SwiftyAcknowledgements.framework.dSYM */ = {isa = PBXFileReference; lastKnownFileType = wrapper.dsym; name = SwiftyAcknowledgements.framework.dSYM; path = Carthage/Build/iOS/SwiftyAcknowledgements.framework.dSYM; sourceTree = "<group>"; };
		D7A9C4F21BDD26AF00F06570 /* R.generated.swift */ = {isa = PBXFileReference; fileEncoding = 4; lastKnownFileType = sourcecode.swift; path = R.generated.swift; sourceTree = SOURCE_ROOT; };
		D7B033BA1A6E5ED1009D791E /* VPNDataManager+ActivatedVPN.swift */ = {isa = PBXFileReference; fileEncoding = 4; lastKnownFileType = sourcecode.swift; path = "VPNDataManager+ActivatedVPN.swift"; sourceTree = "<group>"; };
		D7BB2DCD1A6C066B00D8D581 /* LTTableViewCellTitle.swift */ = {isa = PBXFileReference; fileEncoding = 4; lastKnownFileType = sourcecode.swift; path = LTTableViewCellTitle.swift; sourceTree = "<group>"; };
		D7BB2DCF1A6C08BB00D8D581 /* LTSplitViewController.swift */ = {isa = PBXFileReference; fileEncoding = 4; lastKnownFileType = sourcecode.swift; path = LTSplitViewController.swift; sourceTree = "<group>"; };
		D7C7659E1A6CB0500010C170 /* VPN On 2.xcdatamodel */ = {isa = PBXFileReference; lastKnownFileType = wrapper.xcdatamodel; path = "VPN On 2.xcdatamodel"; sourceTree = "<group>"; };
		D7CB6A301A7B5F7500B8B568 /* VPN On 4.xcdatamodel */ = {isa = PBXFileReference; lastKnownFileType = wrapper.xcdatamodel; path = "VPN On 4.xcdatamodel"; sourceTree = "<group>"; };
		D7CB6A311A7B8FA500B8B568 /* LTLightTheme.swift */ = {isa = PBXFileReference; fileEncoding = 4; lastKnownFileType = sourcecode.swift; path = LTLightTheme.swift; sourceTree = "<group>"; };
		D7CB6A331A7B92CA00B8B568 /* LTDarkPurpleTheme.swift */ = {isa = PBXFileReference; fileEncoding = 4; lastKnownFileType = sourcecode.swift; path = LTDarkPurpleTheme.swift; sourceTree = "<group>"; };
		D7CFDDA41A9E05700057F53D /* VPNManager+Geo.swift */ = {isa = PBXFileReference; fileEncoding = 4; lastKnownFileType = sourcecode.swift; path = "VPNManager+Geo.swift"; sourceTree = "<group>"; };
		D7D4992E1A724B4C00B5F5ED /* VPNConfigViewController+Type.swift */ = {isa = PBXFileReference; fileEncoding = 4; lastKnownFileType = sourcecode.swift; path = "VPNConfigViewController+Type.swift"; sourceTree = "<group>"; };
		D7D499301A72542400B5F5ED /* LTTableViewCellDeclosureIndicator.swift */ = {isa = PBXFileReference; fileEncoding = 4; lastKnownFileType = sourcecode.swift; path = LTTableViewCellDeclosureIndicator.swift; sourceTree = "<group>"; };
		D7DBC12B1BBAEFDE004E2F3E /* VPNKeychainWrapper.swift */ = {isa = PBXFileReference; fileEncoding = 4; lastKnownFileType = sourcecode.swift; path = VPNKeychainWrapper.swift; sourceTree = "<group>"; };
		D7DDB5611A78A1D100BE7FB7 /* VPNTypeTag.swift */ = {isa = PBXFileReference; fileEncoding = 4; lastKnownFileType = sourcecode.swift; path = VPNTypeTag.swift; sourceTree = "<group>"; };
		D7DDB5641A78DA4600BE7FB7 /* VPNDomainsViewController.swift */ = {isa = PBXFileReference; fileEncoding = 4; lastKnownFileType = sourcecode.swift; path = VPNDomainsViewController.swift; sourceTree = "<group>"; };
		D7E0A8201BE1140000414450 /* FlagKit.framework */ = {isa = PBXFileReference; lastKnownFileType = wrapper.framework; name = FlagKit.framework; path = Carthage/Build/iOS/FlagKit.framework; sourceTree = "<group>"; };
		D7E0A8231BE1140900414450 /* FlagKit.framework.dSYM */ = {isa = PBXFileReference; lastKnownFileType = wrapper.dsym; name = FlagKit.framework.dSYM; path = Carthage/Build/iOS/FlagKit.framework.dSYM; sourceTree = "<group>"; };
		D7E28A7B1A680D9400507F33 /* LTThemeManager.swift */ = {isa = PBXFileReference; fileEncoding = 4; lastKnownFileType = sourcecode.swift; path = LTThemeManager.swift; sourceTree = "<group>"; };
		D7E28A7C1A680D9400507F33 /* UIAppearance+Swift.h */ = {isa = PBXFileReference; fileEncoding = 4; lastKnownFileType = sourcecode.c.h; path = "UIAppearance+Swift.h"; sourceTree = "<group>"; };
		D7E28A7D1A680D9400507F33 /* UIAppearance+Swift.m */ = {isa = PBXFileReference; fileEncoding = 4; lastKnownFileType = sourcecode.c.objc; path = "UIAppearance+Swift.m"; sourceTree = "<group>"; };
		D7E28A811A680DAC00507F33 /* VPNOn-Bridging-Header.h */ = {isa = PBXFileReference; fileEncoding = 4; lastKnownFileType = sourcecode.c.h; path = "VPNOn-Bridging-Header.h"; sourceTree = "<group>"; };
		D7E28A821A680DBD00507F33 /* LTTheme.swift */ = {isa = PBXFileReference; fileEncoding = 4; lastKnownFileType = sourcecode.swift; path = LTTheme.swift; sourceTree = "<group>"; };
		D7E28A841A68118A00507F33 /* LTDarkTheme.swift */ = {isa = PBXFileReference; fileEncoding = 4; lastKnownFileType = sourcecode.swift; path = LTDarkTheme.swift; sourceTree = "<group>"; };
		D7E28A8C1A6A3C2B00507F33 /* VPNConfigViewController+TextField.swift */ = {isa = PBXFileReference; fileEncoding = 4; lastKnownFileType = sourcecode.swift; path = "VPNConfigViewController+TextField.swift"; sourceTree = "<group>"; };
		D7EB524B1BBED5500021D93D /* VPNManager+Flags.swift */ = {isa = PBXFileReference; fileEncoding = 4; lastKnownFileType = sourcecode.swift; path = "VPNManager+Flags.swift"; sourceTree = "<group>"; };
		D7EB524D1BBED6D70021D93D /* VPNManager+SelectedVPN.swift */ = {isa = PBXFileReference; fileEncoding = 4; lastKnownFileType = sourcecode.swift; path = "VPNManager+SelectedVPN.swift"; sourceTree = "<group>"; };
		D7EB52511BBEE3960021D93D /* AppDelegate+URLSchemes.swift */ = {isa = PBXFileReference; fileEncoding = 4; lastKnownFileType = sourcecode.swift; path = "AppDelegate+URLSchemes.swift"; sourceTree = "<group>"; };
		D7EB52571BBEE7A10021D93D /* VPNOnUITests.xctest */ = {isa = PBXFileReference; explicitFileType = wrapper.cfbundle; includeInIndex = 0; path = VPNOnUITests.xctest; sourceTree = BUILT_PRODUCTS_DIR; };
		D7EB52591BBEE7A10021D93D /* VPNOnUITests.swift */ = {isa = PBXFileReference; lastKnownFileType = sourcecode.swift; path = VPNOnUITests.swift; sourceTree = "<group>"; };
		D7EB525B1BBEE7A10021D93D /* Info.plist */ = {isa = PBXFileReference; lastKnownFileType = text.plist.xml; path = Info.plist; sourceTree = "<group>"; };
		D7EF65C61A8D9119005A3441 /* pt-PT */ = {isa = PBXFileReference; lastKnownFileType = text.plist.strings; name = "pt-PT"; path = "pt-PT.lproj/Main.strings"; sourceTree = "<group>"; };
		D7EF65C71A8D9119005A3441 /* pt-PT */ = {isa = PBXFileReference; lastKnownFileType = text.plist.strings; name = "pt-PT"; path = "pt-PT.lproj/Localizable.strings"; sourceTree = "<group>"; };
		D7EF65C81A8D911A005A3441 /* pt-PT */ = {isa = PBXFileReference; lastKnownFileType = text.plist.strings; name = "pt-PT"; path = "pt-PT.lproj/Localizable.strings"; sourceTree = "<group>"; };
		D7F0A0191A6E47EA00F9C09A /* VPNDataManager+Selection.swift */ = {isa = PBXFileReference; fileEncoding = 4; lastKnownFileType = sourcecode.swift; path = "VPNDataManager+Selection.swift"; sourceTree = "<group>"; };
		D7F0A0251A6E520300F9C09A /* VPNManager+ActivatedVPN.swift */ = {isa = PBXFileReference; fileEncoding = 4; lastKnownFileType = sourcecode.swift; path = "VPNManager+ActivatedVPN.swift"; sourceTree = "<group>"; };
		D7F64F011AA8407400C41789 /* VPNCell.swift */ = {isa = PBXFileReference; fileEncoding = 4; lastKnownFileType = sourcecode.swift; path = VPNCell.swift; sourceTree = "<group>"; };
		D7F64F031AA9B87300C41789 /* PlusMarkView.swift */ = {isa = PBXFileReference; fileEncoding = 4; lastKnownFileType = sourcecode.swift; path = PlusMarkView.swift; sourceTree = "<group>"; };
		D7F64F051AA9B90000C41789 /* AddCell.swift */ = {isa = PBXFileReference; fileEncoding = 4; lastKnownFileType = sourcecode.swift; path = AddCell.swift; sourceTree = "<group>"; };
		D7FEC8CF1A7897310004E7FA /* VPNTableViewCell.swift */ = {isa = PBXFileReference; fileEncoding = 4; lastKnownFileType = sourcecode.swift; path = VPNTableViewCell.swift; sourceTree = "<group>"; };
		DC670E4806115DE27AFD5409 /* Pods-VPNOnKit.debug.xcconfig */ = {isa = PBXFileReference; includeInIndex = 1; lastKnownFileType = text.xcconfig; name = "Pods-VPNOnKit.debug.xcconfig"; path = "Pods/Target Support Files/Pods-VPNOnKit/Pods-VPNOnKit.debug.xcconfig"; sourceTree = "<group>"; };
/* End PBXFileReference section */

/* Begin PBXFrameworksBuildPhase section */
		D7453F261A31966F00F7E32D /* Frameworks */ = {
			isa = PBXFrameworksBuildPhase;
			buildActionMask = 2147483647;
			files = (
				D754E21A1A3B3E8E00E8F135 /* VPNOnKit.framework in Frameworks */,
				D7A9C4DE1BDD189400F06570 /* Eureka.framework in Frameworks */,
				D7E0A8211BE1140000414450 /* FlagKit.framework in Frameworks */,
				D7A9C4DF1BDD189400F06570 /* SwiftKeychainWrapper.framework in Frameworks */,
				D7A9C4E01BDD189400F06570 /* SwiftyAcknowledgements.framework in Frameworks */,
			);
			runOnlyForDeploymentPostprocessing = 0;
		};
		D74C91A21A383FEC00EAAAE1 /* Frameworks */ = {
			isa = PBXFrameworksBuildPhase;
			buildActionMask = 2147483647;
			files = (
				D74C91A61A383FED00EAAAE1 /* NotificationCenter.framework in Frameworks */,
				D74C91C71A399AA400EAAAE1 /* NetworkExtension.framework in Frameworks */,
				D7E0A8221BE1140000414450 /* FlagKit.framework in Frameworks */,
				D754E21B1A3B3E9F00E8F135 /* VPNOnKit.framework in Frameworks */,
				D7A9C4E21BDD215400F06570 /* SwiftKeychainWrapper.framework in Frameworks */,
			);
			runOnlyForDeploymentPostprocessing = 0;
		};
		D757AF811A3B370E00AEF3CB /* Frameworks */ = {
			isa = PBXFrameworksBuildPhase;
			buildActionMask = 2147483647;
			files = (
				D757AFB41A3B392D00AEF3CB /* NetworkExtension.framework in Frameworks */,
				D757AFB31A3B392600AEF3CB /* Foundation.framework in Frameworks */,
				D7A9C4E11BDD214C00F06570 /* SwiftKeychainWrapper.framework in Frameworks */,
			);
			runOnlyForDeploymentPostprocessing = 0;
		};
		D757AF8C1A3B370E00AEF3CB /* Frameworks */ = {
			isa = PBXFrameworksBuildPhase;
			buildActionMask = 2147483647;
			files = (
				D757AF901A3B370E00AEF3CB /* VPNOnKit.framework in Frameworks */,
			);
			runOnlyForDeploymentPostprocessing = 0;
		};
		D7EB52541BBEE7A10021D93D /* Frameworks */ = {
			isa = PBXFrameworksBuildPhase;
			buildActionMask = 2147483647;
			files = (
			);
			runOnlyForDeploymentPostprocessing = 0;
		};
/* End PBXFrameworksBuildPhase section */

/* Begin PBXGroup section */
		5AAA273FCFD7CD774192E06C /* Pods */ = {
			isa = PBXGroup;
			children = (
				4F8497674CA8667A1D05F163 /* Pods-VPNOn.debug.xcconfig */,
				0597A0AEA458B88579675D66 /* Pods-VPNOn.release.xcconfig */,
				DC670E4806115DE27AFD5409 /* Pods-VPNOnKit.debug.xcconfig */,
				ADAE1015513E5D274186BA78 /* Pods-VPNOnKit.release.xcconfig */,
				0D406054773CBA28C89B27BD /* Pods-VPNOnKitTests.debug.xcconfig */,
				9ED5BB16EE1D06D36E03A904 /* Pods-VPNOnKitTests.release.xcconfig */,
				57F2533DAE31ADC78D5966EA /* Pods-VPNOnTests.debug.xcconfig */,
				09B98968B0D53B2A270E0EA3 /* Pods-VPNOnTests.release.xcconfig */,
				B049947EF6748F9B90FCA3FF /* Pods-TodayWidget.debug.xcconfig */,
				9BF64EC5788BBAB4EE75C1D7 /* Pods-TodayWidget.release.xcconfig */,
			);
			name = Pods;
			sourceTree = "<group>";
		};
		D7453F201A31966F00F7E32D = {
			isa = PBXGroup;
			children = (
				D769FEA41A7A3F8200EF1A1F /* I18n */,
				D7453F2B1A31966F00F7E32D /* VPNOn */,
				D7453F9B1A3196E200F7E32D /* VPNOnData */,
				D74C91A71A383FED00EAAAE1 /* TodayWidget */,
				D757AF861A3B370E00AEF3CB /* VPNOnKit */,
				D757AF951A3B370E00AEF3CB /* VPNOnKitTests */,
				D7EB52581BBEE7A10021D93D /* VPNOnUITests */,
				D7453FB51A31A72600F7E32D /* Frameworks */,
				D7453F2A1A31966F00F7E32D /* Products */,
				5AAA273FCFD7CD774192E06C /* Pods */,
			);
			sourceTree = "<group>";
		};
		D7453F2A1A31966F00F7E32D /* Products */ = {
			isa = PBXGroup;
			children = (
				D7453F291A31966F00F7E32D /* VPN On.app */,
				D74C91A51A383FEC00EAAAE1 /* TodayWidget.appex */,
				D757AF851A3B370E00AEF3CB /* VPNOnKit.framework */,
				D757AF8F1A3B370E00AEF3CB /* VPNOnKitTests.xctest */,
				D7EB52571BBEE7A10021D93D /* VPNOnUITests.xctest */,
			);
			name = Products;
			sourceTree = "<group>";
		};
		D7453F2B1A31966F00F7E32D /* VPNOn */ = {
			isa = PBXGroup;
			children = (
				D7453FAD1A31A68300F7E32D /* VPNOn.entitlements */,
				D7453F2E1A31966F00F7E32D /* AppDelegate.swift */,
				D7EB52511BBEE3960021D93D /* AppDelegate+URLSchemes.swift */,
				D7453FA71A31975D00F7E32D /* VPNTableViewController.swift */,
				D705784F1AA5EFF000040279 /* VPNTableViewController+Geo.swift */,
				D77593D71A79E53C007161B2 /* VPNTableViewController+OnDemand.swift */,
				D7453FA51A31975D00F7E32D /* VPNConfigViewController.swift */,
				D79F73741A72923E00EB2289 /* VPNConfigViewController+Save.swift */,
				D77F34181A6F7EA000796827 /* VPNConfigViewController+Manipulation.swift */,
				D7E28A8C1A6A3C2B00507F33 /* VPNConfigViewController+TextField.swift */,
				D7D4992E1A724B4C00B5F5ED /* VPNConfigViewController+Type.swift */,
				D7DDB5641A78DA4600BE7FB7 /* VPNDomainsViewController.swift */,
				D7E28A811A680DAC00507F33 /* VPNOn-Bridging-Header.h */,
				D758FE0C1A5BE35000929494 /* AboutViewController.swift */,
				D7784F9D1A75F311009360CE /* Views */,
				D7E28A7A1A680D9400507F33 /* Theme */,
				D7453F381A31966F00F7E32D /* Images.xcassets */,
				D7453F3A1A31966F00F7E32D /* LaunchScreen.xib */,
				D7453F2C1A31966F00F7E32D /* Supporting Files */,
			);
			path = VPNOn;
			sourceTree = "<group>";
		};
		D7453F2C1A31966F00F7E32D /* Supporting Files */ = {
			isa = PBXGroup;
			children = (
				D7A9C4F21BDD26AF00F06570 /* R.generated.swift */,
				D7453F2D1A31966F00F7E32D /* Info.plist */,
			);
			name = "Supporting Files";
			sourceTree = "<group>";
		};
		D7453F9B1A3196E200F7E32D /* VPNOnData */ = {
			isa = PBXGroup;
			children = (
				D7453F9F1A3196E200F7E32D /* VPNOn.xcdatamodeld */,
				D7453F9C1A3196E200F7E32D /* VPN.swift */,
				D79F73721A728EC900EB2289 /* VPN+URLScheme.swift */,
				D7453F9E1A3196E200F7E32D /* VPNDataManager.swift */,
				D7453F9D1A3196E200F7E32D /* VPNDataManager+VPN.swift */,
				D7B033BA1A6E5ED1009D791E /* VPNDataManager+ActivatedVPN.swift */,
				D7F0A0191A6E47EA00F9C09A /* VPNDataManager+Selection.swift */,
			);
			path = VPNOnData;
			sourceTree = "<group>";
		};
		D7453FB51A31A72600F7E32D /* Frameworks */ = {
			isa = PBXGroup;
			children = (
				D7A9C4E41BDD245300F06570 /* Eureka.framework.dSYM */,
				D7A9C4E51BDD245300F06570 /* SwiftKeychainWrapper.framework.dSYM */,
				D7A9C4E61BDD245300F06570 /* SwiftyAcknowledgements.framework.dSYM */,
				D7E0A8231BE1140900414450 /* FlagKit.framework.dSYM */,
				D7E0A8201BE1140000414450 /* FlagKit.framework */,
				D7A9C4DB1BDD189400F06570 /* Eureka.framework */,
				D7A9C4DC1BDD189400F06570 /* SwiftKeychainWrapper.framework */,
				D7A9C4DD1BDD189400F06570 /* SwiftyAcknowledgements.framework */,
				D757AFB21A3B392600AEF3CB /* Foundation.framework */,
				D7453FAE1A31A69100F7E32D /* NetworkExtension.framework */,
				D7453FB61A31A72600F7E32D /* NotificationCenter.framework */,
			);
			name = Frameworks;
			sourceTree = "<group>";
		};
		D74C91A71A383FED00EAAAE1 /* TodayWidget */ = {
			isa = PBXGroup;
			children = (
				D74C91C61A399A8200EAAAE1 /* TodayWidget.entitlements */,
				D74C91AA1A383FED00EAAAE1 /* TodayViewController.swift */,
				D7F64F011AA8407400C41789 /* VPNCell.swift */,
				D7F64F051AA9B90000C41789 /* AddCell.swift */,
				D7DDB5611A78A1D100BE7FB7 /* VPNTypeTag.swift */,
				D74C91AC1A383FED00EAAAE1 /* MainInterface.storyboard */,
				D7F64F031AA9B87300C41789 /* PlusMarkView.swift */,
				D73C19F31AC168B900C1A824 /* ModeButton.swift */,
				D73C19F11AC1684D00C1A824 /* SwitchIconView.swift */,
				D74C91A81A383FED00EAAAE1 /* Supporting Files */,
			);
			path = TodayWidget;
			sourceTree = "<group>";
		};
		D74C91A81A383FED00EAAAE1 /* Supporting Files */ = {
			isa = PBXGroup;
			children = (
				D74C91A91A383FED00EAAAE1 /* Info.plist */,
			);
			name = "Supporting Files";
			sourceTree = "<group>";
		};
		D754E2051A3B3A7B00E8F135 /* Vendor */ = {
			isa = PBXGroup;
			children = (
				D74129A71A5CFCDA008DE603 /* SimplePing.h */,
				D74129A81A5CFCDA008DE603 /* SimplePing.m */,
			);
			path = Vendor;
			sourceTree = "<group>";
		};
		D757AF861A3B370E00AEF3CB /* VPNOnKit */ = {
			isa = PBXGroup;
			children = (
				D754E2011A3B3A1B00E8F135 /* VPNOnKit.h */,
				D757AFA61A3B374200AEF3CB /* VPNManager.swift */,
				D7EB524B1BBED5500021D93D /* VPNManager+Flags.swift */,
				D7EB524D1BBED6D70021D93D /* VPNManager+SelectedVPN.swift */,
				D7F0A0251A6E520300F9C09A /* VPNManager+ActivatedVPN.swift */,
				D77593D91A79E674007161B2 /* VPNManager+Domains.swift */,
				D7CFDDA41A9E05700057F53D /* VPNManager+Geo.swift */,
				D74129AF1A5D1A91008DE603 /* LTPingQueue.swift */,
				D7DBC12B1BBAEFDE004E2F3E /* VPNKeychainWrapper.swift */,
				D754E2051A3B3A7B00E8F135 /* Vendor */,
				D757AF871A3B370E00AEF3CB /* Supporting Files */,
			);
			path = VPNOnKit;
			sourceTree = "<group>";
		};
		D757AF871A3B370E00AEF3CB /* Supporting Files */ = {
			isa = PBXGroup;
			children = (
				D757AF881A3B370E00AEF3CB /* Info.plist */,
			);
			name = "Supporting Files";
			sourceTree = "<group>";
		};
		D757AF951A3B370E00AEF3CB /* VPNOnKitTests */ = {
			isa = PBXGroup;
			children = (
				D757AF981A3B370E00AEF3CB /* VPNOnKitTests.swift */,
				D757AF961A3B370E00AEF3CB /* Supporting Files */,
			);
			path = VPNOnKitTests;
			sourceTree = "<group>";
		};
		D757AF961A3B370E00AEF3CB /* Supporting Files */ = {
			isa = PBXGroup;
			children = (
				D757AF971A3B370E00AEF3CB /* Info.plist */,
			);
			name = "Supporting Files";
			sourceTree = "<group>";
		};
		D769FEA41A7A3F8200EF1A1F /* I18n */ = {
			isa = PBXGroup;
			children = (
				D7A0250A1A873A2F00417B33 /* AppStoreAssets */,
				D77593DD1A7A2E5A007161B2 /* Main.storyboard */,
				D769FE961A7A3A3500EF1A1F /* Localizable.strings */,
				D769FE9C1A7A3ADC00EF1A1F /* Localizable.strings */,
			);
			name = I18n;
			sourceTree = "<group>";
		};
		D7784F9D1A75F311009360CE /* Views */ = {
			isa = PBXGroup;
			children = (
				D7784F9E1A75F330009360CE /* VPNSwitchCell.swift */,
				D7FEC8CF1A7897310004E7FA /* VPNTableViewCell.swift */,
			);
			path = Views;
			sourceTree = "<group>";
		};
		D7CB6A351A7B93E300B8B568 /* Themes */ = {
			isa = PBXGroup;
			children = (
				D7E28A841A68118A00507F33 /* LTDarkTheme.swift */,
				D7CB6A331A7B92CA00B8B568 /* LTDarkPurpleTheme.swift */,
				D79083D91A7BBD230089DB67 /* LTDarkGreenTheme.swift */,
				D7CB6A311A7B8FA500B8B568 /* LTLightTheme.swift */,
				D79083DB1A7BBEF70089DB67 /* LTHelloKittyTheme.swift */,
			);
			name = Themes;
			sourceTree = "<group>";
		};
		D7E28A7A1A680D9400507F33 /* Theme */ = {
			isa = PBXGroup;
			children = (
				D7CB6A351A7B93E300B8B568 /* Themes */,
				D7E28A7C1A680D9400507F33 /* UIAppearance+Swift.h */,
				D7E28A7D1A680D9400507F33 /* UIAppearance+Swift.m */,
				D7E28A7B1A680D9400507F33 /* LTThemeManager.swift */,
				D7E28A821A680DBD00507F33 /* LTTheme.swift */,
				D7322C791A6C024800B34AA0 /* LTViewControllerBackground.swift */,
				D7BB2DCD1A6C066B00D8D581 /* LTTableViewCellTitle.swift */,
				D7BB2DCF1A6C08BB00D8D581 /* LTSplitViewController.swift */,
				D77F341A1A6F842C00796827 /* LTTableViewActionCell.swift */,
				D77F341C1A6F875E00796827 /* LTTextField.swift */,
				D7D499301A72542400B5F5ED /* LTTableViewCellDeclosureIndicator.swift */,
			);
			path = Theme;
			sourceTree = "<group>";
		};
		D7EB52581BBEE7A10021D93D /* VPNOnUITests */ = {
			isa = PBXGroup;
			children = (
				D7EB52591BBEE7A10021D93D /* VPNOnUITests.swift */,
				D7EB525B1BBEE7A10021D93D /* Info.plist */,
			);
			path = VPNOnUITests;
			sourceTree = "<group>";
		};
/* End PBXGroup section */

/* Begin PBXHeadersBuildPhase section */
		D757AF821A3B370E00AEF3CB /* Headers */ = {
			isa = PBXHeadersBuildPhase;
			buildActionMask = 2147483647;
			files = (
				D754E2041A3B3A1B00E8F135 /* VPNOnKit.h in Headers */,
				D74129A91A5CFCDA008DE603 /* SimplePing.h in Headers */,
			);
			runOnlyForDeploymentPostprocessing = 0;
		};
/* End PBXHeadersBuildPhase section */

/* Begin PBXNativeTarget section */
		D7453F281A31966F00F7E32D /* VPNOn */ = {
			isa = PBXNativeTarget;
			buildConfigurationList = D7453F4B1A31966F00F7E32D /* Build configuration list for PBXNativeTarget "VPNOn" */;
			buildPhases = (
				D7A9C4D71BDD169700F06570 /* R.swift */,
				D7453F251A31966F00F7E32D /* Sources */,
				D7453F261A31966F00F7E32D /* Frameworks */,
				D7453F271A31966F00F7E32D /* Resources */,
				D754E2161A3B3DDE00E8F135 /* Embed Frameworks */,
				D7453FC51A31A72600F7E32D /* Embed App Extensions */,
				D7A9C4E31BDD242C00F06570 /* dSYM */,
				D7A9C4EA1BDD261800F06570 /* Carthage Frameworks */,
			);
			buildRules = (
			);
			dependencies = (
				D754E2151A3B3DD900E8F135 /* PBXTargetDependency */,
				D754E20C1A3B3C7C00E8F135 /* PBXTargetDependency */,
			);
			name = VPNOn;
			productName = VPNOn;
			productReference = D7453F291A31966F00F7E32D /* VPN On.app */;
			productType = "com.apple.product-type.application";
		};
		D74C91A41A383FEC00EAAAE1 /* TodayWidget */ = {
			isa = PBXNativeTarget;
			buildConfigurationList = D74C91B11A383FED00EAAAE1 /* Build configuration list for PBXNativeTarget "TodayWidget" */;
			buildPhases = (
				D74C91A11A383FEC00EAAAE1 /* Sources */,
				D74C91A21A383FEC00EAAAE1 /* Frameworks */,
				D74C91A31A383FEC00EAAAE1 /* Resources */,
				D7A9C4EE1BDD264500F06570 /* Carthage Frameworks */,
			);
			buildRules = (
			);
			dependencies = (
				D757AFB01A3B379000AEF3CB /* PBXTargetDependency */,
			);
			name = TodayWidget;
			productName = TodayWidget;
			productReference = D74C91A51A383FEC00EAAAE1 /* TodayWidget.appex */;
			productType = "com.apple.product-type.app-extension";
		};
		D757AF841A3B370E00AEF3CB /* VPNOnKit */ = {
			isa = PBXNativeTarget;
			buildConfigurationList = D757AF9E1A3B370F00AEF3CB /* Build configuration list for PBXNativeTarget "VPNOnKit" */;
			buildPhases = (
				D757AF821A3B370E00AEF3CB /* Headers */,
				D757AF811A3B370E00AEF3CB /* Frameworks */,
				D757AF801A3B370E00AEF3CB /* Sources */,
				D7A9C4F01BDD267E00F06570 /* CopyFiles */,
			);
			buildRules = (
			);
			dependencies = (
			);
			name = VPNOnKit;
			productName = VPNOnKit;
			productReference = D757AF851A3B370E00AEF3CB /* VPNOnKit.framework */;
			productType = "com.apple.product-type.framework";
		};
		D757AF8E1A3B370E00AEF3CB /* VPNOnKitTests */ = {
			isa = PBXNativeTarget;
			buildConfigurationList = D757AFA21A3B370F00AEF3CB /* Build configuration list for PBXNativeTarget "VPNOnKitTests" */;
			buildPhases = (
				D757AF8B1A3B370E00AEF3CB /* Sources */,
				D757AF8C1A3B370E00AEF3CB /* Frameworks */,
				D757AF8D1A3B370E00AEF3CB /* Resources */,
			);
			buildRules = (
			);
			dependencies = (
				D757AF921A3B370E00AEF3CB /* PBXTargetDependency */,
				D757AF941A3B370E00AEF3CB /* PBXTargetDependency */,
			);
			name = VPNOnKitTests;
			productName = VPNOnKitTests;
			productReference = D757AF8F1A3B370E00AEF3CB /* VPNOnKitTests.xctest */;
			productType = "com.apple.product-type.bundle.unit-test";
		};
		D7EB52561BBEE7A10021D93D /* VPNOnUITests */ = {
			isa = PBXNativeTarget;
			buildConfigurationList = D7EB52601BBEE7A10021D93D /* Build configuration list for PBXNativeTarget "VPNOnUITests" */;
			buildPhases = (
				D7EB52531BBEE7A10021D93D /* Sources */,
				D7EB52541BBEE7A10021D93D /* Frameworks */,
				D7EB52551BBEE7A10021D93D /* Resources */,
			);
			buildRules = (
			);
			dependencies = (
				D7EB525D1BBEE7A10021D93D /* PBXTargetDependency */,
			);
			name = VPNOnUITests;
			productName = VPNOnUITests;
			productReference = D7EB52571BBEE7A10021D93D /* VPNOnUITests.xctest */;
			productType = "com.apple.product-type.bundle.ui-testing";
		};
/* End PBXNativeTarget section */

/* Begin PBXProject section */
		D7453F211A31966F00F7E32D /* Project object */ = {
			isa = PBXProject;
			attributes = {
				LastSwiftMigration = 0700;
				LastSwiftUpdateCheck = 0700;
				LastUpgradeCheck = 0700;
				ORGANIZATIONNAME = LexTang.com;
				TargetAttributes = {
					D7453F281A31966F00F7E32D = {
						CreatedOnToolsVersion = 6.1.1;
						DevelopmentTeam = 5SKD83S59G;
						SystemCapabilities = {
							com.apple.ApplicationGroups.iOS = {
								enabled = 1;
							};
							com.apple.BackgroundModes = {
								enabled = 0;
							};
							com.apple.Keychain = {
								enabled = 1;
							};
							com.apple.VPNLite = {
								enabled = 1;
							};
							com.apple.iCloud = {
								enabled = 1;
							};
						};
					};
					D74C91A41A383FEC00EAAAE1 = {
						CreatedOnToolsVersion = 6.1.1;
						DevelopmentTeam = 5SKD83S59G;
						SystemCapabilities = {
							com.apple.ApplicationGroups.iOS = {
								enabled = 1;
							};
							com.apple.Keychain = {
								enabled = 1;
							};
							com.apple.VPNLite = {
								enabled = 1;
							};
						};
					};
					D757AF841A3B370E00AEF3CB = {
						CreatedOnToolsVersion = 6.1.1;
						DevelopmentTeam = 5SKD83S59G;
					};
					D757AF8E1A3B370E00AEF3CB = {
						CreatedOnToolsVersion = 6.1.1;
						TestTargetID = D7453F281A31966F00F7E32D;
					};
					D7EB52561BBEE7A10021D93D = {
						CreatedOnToolsVersion = 7.0.1;
						TestTargetID = D7453F281A31966F00F7E32D;
					};
				};
			};
			buildConfigurationList = D7453F241A31966F00F7E32D /* Build configuration list for PBXProject "VPNOn" */;
			compatibilityVersion = "Xcode 3.2";
			developmentRegion = English;
			hasScannedForEncodings = 0;
			knownRegions = (
				en,
				Base,
				"zh-Hans",
				"zh-Hant-TW",
				"zh-Hant-HK",
				ko,
				ru,
				es,
				de,
				ja,
				pl,
				it,
				fr,
				vi,
				"en-US",
				"pt-PT",
				tr,
				"nl-NL",
			);
			mainGroup = D7453F201A31966F00F7E32D;
			productRefGroup = D7453F2A1A31966F00F7E32D /* Products */;
			projectDirPath = "";
			projectRoot = "";
			targets = (
				D7453F281A31966F00F7E32D /* VPNOn */,
				D74C91A41A383FEC00EAAAE1 /* TodayWidget */,
				D757AF841A3B370E00AEF3CB /* VPNOnKit */,
				D757AF8E1A3B370E00AEF3CB /* VPNOnKitTests */,
				D7EB52561BBEE7A10021D93D /* VPNOnUITests */,
			);
		};
/* End PBXProject section */

/* Begin PBXResourcesBuildPhase section */
		D7453F271A31966F00F7E32D /* Resources */ = {
			isa = PBXResourcesBuildPhase;
			buildActionMask = 2147483647;
			files = (
				D77593DB1A7A2E5A007161B2 /* Main.storyboard in Resources */,
				D769FE941A7A3A3500EF1A1F /* Localizable.strings in Resources */,
				D7453F3C1A31966F00F7E32D /* LaunchScreen.xib in Resources */,
				D7453F391A31966F00F7E32D /* Images.xcassets in Resources */,
			);
			runOnlyForDeploymentPostprocessing = 0;
		};
		D74C91A31A383FEC00EAAAE1 /* Resources */ = {
			isa = PBXResourcesBuildPhase;
			buildActionMask = 2147483647;
			files = (
				D74C91AD1A383FED00EAAAE1 /* MainInterface.storyboard in Resources */,
				D769FE9A1A7A3ADC00EF1A1F /* Localizable.strings in Resources */,
			);
			runOnlyForDeploymentPostprocessing = 0;
		};
		D757AF8D1A3B370E00AEF3CB /* Resources */ = {
			isa = PBXResourcesBuildPhase;
			buildActionMask = 2147483647;
			files = (
			);
			runOnlyForDeploymentPostprocessing = 0;
		};
		D7EB52551BBEE7A10021D93D /* Resources */ = {
			isa = PBXResourcesBuildPhase;
			buildActionMask = 2147483647;
			files = (
			);
			runOnlyForDeploymentPostprocessing = 0;
		};
/* End PBXResourcesBuildPhase section */

/* Begin PBXShellScriptBuildPhase section */
		D7A9C4D71BDD169700F06570 /* R.swift */ = {
			isa = PBXShellScriptBuildPhase;
			buildActionMask = 2147483647;
			files = (
			);
			inputPaths = (
			);
			name = R.swift;
			outputPaths = (
			);
			runOnlyForDeploymentPostprocessing = 0;
			shellPath = /bin/sh;
			shellScript = "\"$SRCROOT/rswift\" \"$SRCROOT\"";
		};
/* End PBXShellScriptBuildPhase section */

/* Begin PBXSourcesBuildPhase section */
		D7453F251A31966F00F7E32D /* Sources */ = {
			isa = PBXSourcesBuildPhase;
			buildActionMask = 2147483647;
			files = (
				D7453FA21A3196E200F7E32D /* VPNDataManager+VPN.swift in Sources */,
				D7EB52521BBEE3960021D93D /* AppDelegate+URLSchemes.swift in Sources */,
				D79F73731A728EC900EB2289 /* VPN+URLScheme.swift in Sources */,
				D7FEC8D01A7897310004E7FA /* VPNTableViewCell.swift in Sources */,
				D77F34191A6F7EA000796827 /* VPNConfigViewController+Manipulation.swift in Sources */,
				D77F341B1A6F842C00796827 /* LTTableViewActionCell.swift in Sources */,
				D7E28A8D1A6A3C2B00507F33 /* VPNConfigViewController+TextField.swift in Sources */,
				D7BB2DD01A6C08BB00D8D581 /* LTSplitViewController.swift in Sources */,
				D7D4992F1A724B4C00B5F5ED /* VPNConfigViewController+Type.swift in Sources */,
				D7E28A7F1A680D9400507F33 /* LTThemeManager.swift in Sources */,
				D7E28A801A680D9400507F33 /* UIAppearance+Swift.m in Sources */,
				D7A9C4F31BDD26AF00F06570 /* R.generated.swift in Sources */,
				D7322C7A1A6C024800B34AA0 /* LTViewControllerBackground.swift in Sources */,
				D70578501AA5EFF000040279 /* VPNTableViewController+Geo.swift in Sources */,
				D7D499311A72542400B5F5ED /* LTTableViewCellDeclosureIndicator.swift in Sources */,
				D7453FA41A3196E200F7E32D /* VPNOn.xcdatamodeld in Sources */,
				D7453F2F1A31966F00F7E32D /* AppDelegate.swift in Sources */,
				D7784F9F1A75F330009360CE /* VPNSwitchCell.swift in Sources */,
				D79F73751A72923E00EB2289 /* VPNConfigViewController+Save.swift in Sources */,
				D7F0A01A1A6E47EA00F9C09A /* VPNDataManager+Selection.swift in Sources */,
				D77F341D1A6F875E00796827 /* LTTextField.swift in Sources */,
				D7E28A851A68118A00507F33 /* LTDarkTheme.swift in Sources */,
				D7CB6A321A7B8FA500B8B568 /* LTLightTheme.swift in Sources */,
				D77593D81A79E53C007161B2 /* VPNTableViewController+OnDemand.swift in Sources */,
				D7453FAA1A31975D00F7E32D /* VPNTableViewController.swift in Sources */,
				D7BB2DCE1A6C066B00D8D581 /* LTTableViewCellTitle.swift in Sources */,
				D758FE0D1A5BE35000929494 /* AboutViewController.swift in Sources */,
				D7453FA81A31975D00F7E32D /* VPNConfigViewController.swift in Sources */,
				D7B033BB1A6E5ED1009D791E /* VPNDataManager+ActivatedVPN.swift in Sources */,
				D7453FA31A3196E200F7E32D /* VPNDataManager.swift in Sources */,
				D79083DC1A7BBEF70089DB67 /* LTHelloKittyTheme.swift in Sources */,
				D7DDB5651A78DA4600BE7FB7 /* VPNDomainsViewController.swift in Sources */,
				D7453FA11A3196E200F7E32D /* VPN.swift in Sources */,
				D7E28A831A680DBD00507F33 /* LTTheme.swift in Sources */,
				D79083DA1A7BBD230089DB67 /* LTDarkGreenTheme.swift in Sources */,
				D7CB6A341A7B92CA00B8B568 /* LTDarkPurpleTheme.swift in Sources */,
			);
			runOnlyForDeploymentPostprocessing = 0;
		};
		D74C91A11A383FEC00EAAAE1 /* Sources */ = {
			isa = PBXSourcesBuildPhase;
			buildActionMask = 2147483647;
			files = (
				D77110341A6D007C003D9605 /* VPNDataManager.swift in Sources */,
				D7F0A0201A6E484B00F9C09A /* VPNDataManager+Selection.swift in Sources */,
				D77110361A6D0095003D9605 /* VPNOn.xcdatamodeld in Sources */,
				D73C19F41AC168B900C1A824 /* ModeButton.swift in Sources */,
				D7B033BD1A6E5ED1009D791E /* VPNDataManager+ActivatedVPN.swift in Sources */,
				D74C91B41A384AB800EAAAE1 /* VPN.swift in Sources */,
				D73C19F21AC1684D00C1A824 /* SwitchIconView.swift in Sources */,
				D7DDB5631A78AC7E00BE7FB7 /* VPNTypeTag.swift in Sources */,
				D74C91AB1A383FED00EAAAE1 /* TodayViewController.swift in Sources */,
				D7F64F021AA8407400C41789 /* VPNCell.swift in Sources */,
				D7F64F061AA9B90000C41789 /* AddCell.swift in Sources */,
				D7F64F041AA9B87300C41789 /* PlusMarkView.swift in Sources */,
				D77110351A6D0080003D9605 /* VPNDataManager+VPN.swift in Sources */,
			);
			runOnlyForDeploymentPostprocessing = 0;
		};
		D757AF801A3B370E00AEF3CB /* Sources */ = {
			isa = PBXSourcesBuildPhase;
			buildActionMask = 2147483647;
			files = (
				D7DBC12C1BBAEFDE004E2F3E /* VPNKeychainWrapper.swift in Sources */,
				D74129B01A5D1A91008DE603 /* LTPingQueue.swift in Sources */,
				D74129AA1A5CFCDA008DE603 /* SimplePing.m in Sources */,
				D757AFA91A3B374200AEF3CB /* VPNManager.swift in Sources */,
				D7F0A0261A6E520300F9C09A /* VPNManager+ActivatedVPN.swift in Sources */,
				D7EB524E1BBED6D70021D93D /* VPNManager+SelectedVPN.swift in Sources */,
				D77593DA1A79E674007161B2 /* VPNManager+Domains.swift in Sources */,
				D7EB524C1BBED5500021D93D /* VPNManager+Flags.swift in Sources */,
				D7CFDDA51A9E05700057F53D /* VPNManager+Geo.swift in Sources */,
			);
			runOnlyForDeploymentPostprocessing = 0;
		};
		D757AF8B1A3B370E00AEF3CB /* Sources */ = {
			isa = PBXSourcesBuildPhase;
			buildActionMask = 2147483647;
			files = (
				D757AF991A3B370E00AEF3CB /* VPNOnKitTests.swift in Sources */,
			);
			runOnlyForDeploymentPostprocessing = 0;
		};
		D7EB52531BBEE7A10021D93D /* Sources */ = {
			isa = PBXSourcesBuildPhase;
			buildActionMask = 2147483647;
			files = (
				D7EB525A1BBEE7A10021D93D /* VPNOnUITests.swift in Sources */,
			);
			runOnlyForDeploymentPostprocessing = 0;
		};
/* End PBXSourcesBuildPhase section */

/* Begin PBXTargetDependency section */
		D754E20C1A3B3C7C00E8F135 /* PBXTargetDependency */ = {
			isa = PBXTargetDependency;
			target = D74C91A41A383FEC00EAAAE1 /* TodayWidget */;
			targetProxy = D754E20B1A3B3C7C00E8F135 /* PBXContainerItemProxy */;
		};
		D754E2151A3B3DD900E8F135 /* PBXTargetDependency */ = {
			isa = PBXTargetDependency;
			target = D757AF841A3B370E00AEF3CB /* VPNOnKit */;
			targetProxy = D754E2141A3B3DD900E8F135 /* PBXContainerItemProxy */;
		};
		D757AF921A3B370E00AEF3CB /* PBXTargetDependency */ = {
			isa = PBXTargetDependency;
			target = D757AF841A3B370E00AEF3CB /* VPNOnKit */;
			targetProxy = D757AF911A3B370E00AEF3CB /* PBXContainerItemProxy */;
		};
		D757AF941A3B370E00AEF3CB /* PBXTargetDependency */ = {
			isa = PBXTargetDependency;
			target = D7453F281A31966F00F7E32D /* VPNOn */;
			targetProxy = D757AF931A3B370E00AEF3CB /* PBXContainerItemProxy */;
		};
		D757AFB01A3B379000AEF3CB /* PBXTargetDependency */ = {
			isa = PBXTargetDependency;
			target = D757AF841A3B370E00AEF3CB /* VPNOnKit */;
			targetProxy = D757AFAF1A3B379000AEF3CB /* PBXContainerItemProxy */;
		};
		D7EB525D1BBEE7A10021D93D /* PBXTargetDependency */ = {
			isa = PBXTargetDependency;
			target = D7453F281A31966F00F7E32D /* VPNOn */;
			targetProxy = D7EB525C1BBEE7A10021D93D /* PBXContainerItemProxy */;
		};
/* End PBXTargetDependency section */

/* Begin PBXVariantGroup section */
		D7453F3A1A31966F00F7E32D /* LaunchScreen.xib */ = {
			isa = PBXVariantGroup;
			children = (
				D7453F3B1A31966F00F7E32D /* Base */,
			);
			name = LaunchScreen.xib;
			sourceTree = "<group>";
		};
		D769FE961A7A3A3500EF1A1F /* Localizable.strings */ = {
			isa = PBXVariantGroup;
			children = (
				D769FE951A7A3A3500EF1A1F /* Base */,
				D769FE971A7A3A3700EF1A1F /* zh-Hans */,
				D769FE9F1A7A3E1800EF1A1F /* zh-Hant-TW */,
				D769FEA21A7A3F1900EF1A1F /* zh-Hant-HK */,
				D7095DBA1A81C54600BAF797 /* ko */,
				D7095DBD1A81CBE500BAF797 /* ru */,
				D7095DC01A81CF3200BAF797 /* es */,
				D7095DC31A8307B400BAF797 /* de */,
				D7095DD11A84923A00BAF797 /* ja */,
				D75E75851A85DAF9004130D6 /* pl */,
				D75E75881A85E50C004130D6 /* it */,
				D7A025081A873A1300417B33 /* fr */,
				D7A0250C1A873AB800417B33 /* vi */,
				D72403371A8B32A70066CA47 /* en-US */,
				D7EF65C71A8D9119005A3441 /* pt-PT */,
				D7568ADD1B023C930017576A /* tr */,
				D783CC9D1B2ADE290087FFC1 /* nl-NL */,
			);
			name = Localizable.strings;
			path = VPNOn;
			sourceTree = "<group>";
		};
		D769FE9C1A7A3ADC00EF1A1F /* Localizable.strings */ = {
			isa = PBXVariantGroup;
			children = (
				D769FE9B1A7A3ADC00EF1A1F /* Base */,
				D769FE9D1A7A3ADD00EF1A1F /* zh-Hans */,
				D769FEA01A7A3E1800EF1A1F /* zh-Hant-TW */,
				D769FEA31A7A3F1900EF1A1F /* zh-Hant-HK */,
				D7095DBB1A81C54600BAF797 /* ko */,
				D7095DBE1A81CBE500BAF797 /* ru */,
				D7095DC11A81CF3200BAF797 /* es */,
				D7095DC41A8307B400BAF797 /* de */,
				D7095DD21A84923A00BAF797 /* ja */,
				D75E75861A85DAF9004130D6 /* pl */,
				D75E75891A85E50C004130D6 /* it */,
				D7A025091A873A1300417B33 /* fr */,
				D7A0250D1A873AB900417B33 /* vi */,
				D72403381A8B32A70066CA47 /* en-US */,
				D7EF65C81A8D911A005A3441 /* pt-PT */,
				D7568ADE1B023C930017576A /* tr */,
				D783CC9E1B2ADE290087FFC1 /* nl-NL */,
			);
			name = Localizable.strings;
			path = TodayWidget;
			sourceTree = "<group>";
		};
		D77593DD1A7A2E5A007161B2 /* Main.storyboard */ = {
			isa = PBXVariantGroup;
			children = (
				D77593DC1A7A2E5A007161B2 /* Base */,
				D77593E21A7A2F12007161B2 /* zh-Hans */,
				D769FE9E1A7A3E1800EF1A1F /* zh-Hant-TW */,
				D769FEA11A7A3F1900EF1A1F /* zh-Hant-HK */,
				D7095DB91A81C54600BAF797 /* ko */,
				D7095DBC1A81CBE500BAF797 /* ru */,
				D7095DBF1A81CF3200BAF797 /* es */,
				D7095DC21A8307B400BAF797 /* de */,
				D7095DD01A84923A00BAF797 /* ja */,
				D75E75841A85DAF9004130D6 /* pl */,
				D75E75871A85E50C004130D6 /* it */,
				D7A025071A873A1300417B33 /* fr */,
				D7A0250B1A873AB800417B33 /* vi */,
				D72403361A8B32A70066CA47 /* en-US */,
				D7EF65C61A8D9119005A3441 /* pt-PT */,
				D7568ADC1B023C930017576A /* tr */,
				D783CC9C1B2ADE290087FFC1 /* nl-NL */,
			);
			name = Main.storyboard;
			path = VPNOn;
			sourceTree = "<group>";
		};
/* End PBXVariantGroup section */

/* Begin XCBuildConfiguration section */
		D7453F491A31966F00F7E32D /* Debug */ = {
			isa = XCBuildConfiguration;
			buildSettings = {
				ALWAYS_SEARCH_USER_PATHS = NO;
				CLANG_CXX_LANGUAGE_STANDARD = "gnu++0x";
				CLANG_CXX_LIBRARY = "libc++";
				CLANG_ENABLE_MODULES = YES;
				CLANG_ENABLE_OBJC_ARC = YES;
				CLANG_WARN_BOOL_CONVERSION = YES;
				CLANG_WARN_CONSTANT_CONVERSION = YES;
				CLANG_WARN_DIRECT_OBJC_ISA_USAGE = YES_ERROR;
				CLANG_WARN_EMPTY_BODY = YES;
				CLANG_WARN_ENUM_CONVERSION = YES;
				CLANG_WARN_INT_CONVERSION = YES;
				CLANG_WARN_OBJC_ROOT_CLASS = YES_ERROR;
				CLANG_WARN_UNREACHABLE_CODE = YES;
				CLANG_WARN__DUPLICATE_METHOD_MATCH = YES;
				"CODE_SIGN_IDENTITY[sdk=iphoneos*]" = "iPhone Developer";
				COPY_PHASE_STRIP = NO;
				ENABLE_STRICT_OBJC_MSGSEND = YES;
				ENABLE_TESTABILITY = YES;
				GCC_C_LANGUAGE_STANDARD = gnu99;
				GCC_DYNAMIC_NO_PIC = NO;
				GCC_OPTIMIZATION_LEVEL = 0;
				GCC_PREPROCESSOR_DEFINITIONS = (
					"DEBUG=1",
					"$(inherited)",
				);
				GCC_SYMBOLS_PRIVATE_EXTERN = NO;
				GCC_WARN_64_TO_32_BIT_CONVERSION = YES;
				GCC_WARN_ABOUT_RETURN_TYPE = YES_ERROR;
				GCC_WARN_UNDECLARED_SELECTOR = YES;
				GCC_WARN_UNINITIALIZED_AUTOS = YES_AGGRESSIVE;
				GCC_WARN_UNUSED_FUNCTION = YES;
				GCC_WARN_UNUSED_VARIABLE = YES;
				IPHONEOS_DEPLOYMENT_TARGET = 8.0;
				MTL_ENABLE_DEBUG_INFO = YES;
				ONLY_ACTIVE_ARCH = YES;
				SDKROOT = iphoneos;
				SWIFT_OPTIMIZATION_LEVEL = "-Onone";
			};
			name = Debug;
		};
		D7453F4A1A31966F00F7E32D /* Release */ = {
			isa = XCBuildConfiguration;
			buildSettings = {
				ALWAYS_SEARCH_USER_PATHS = NO;
				CLANG_CXX_LANGUAGE_STANDARD = "gnu++0x";
				CLANG_CXX_LIBRARY = "libc++";
				CLANG_ENABLE_MODULES = YES;
				CLANG_ENABLE_OBJC_ARC = YES;
				CLANG_WARN_BOOL_CONVERSION = YES;
				CLANG_WARN_CONSTANT_CONVERSION = YES;
				CLANG_WARN_DIRECT_OBJC_ISA_USAGE = YES_ERROR;
				CLANG_WARN_EMPTY_BODY = YES;
				CLANG_WARN_ENUM_CONVERSION = YES;
				CLANG_WARN_INT_CONVERSION = YES;
				CLANG_WARN_OBJC_ROOT_CLASS = YES_ERROR;
				CLANG_WARN_UNREACHABLE_CODE = YES;
				CLANG_WARN__DUPLICATE_METHOD_MATCH = YES;
				"CODE_SIGN_IDENTITY[sdk=iphoneos*]" = "iPhone Distribution";
				COPY_PHASE_STRIP = YES;
				ENABLE_NS_ASSERTIONS = NO;
				ENABLE_STRICT_OBJC_MSGSEND = YES;
				GCC_C_LANGUAGE_STANDARD = gnu99;
				GCC_WARN_64_TO_32_BIT_CONVERSION = YES;
				GCC_WARN_ABOUT_RETURN_TYPE = YES_ERROR;
				GCC_WARN_UNDECLARED_SELECTOR = YES;
				GCC_WARN_UNINITIALIZED_AUTOS = YES_AGGRESSIVE;
				GCC_WARN_UNUSED_FUNCTION = YES;
				GCC_WARN_UNUSED_VARIABLE = YES;
				IPHONEOS_DEPLOYMENT_TARGET = 8.0;
				MTL_ENABLE_DEBUG_INFO = NO;
				SDKROOT = iphoneos;
				VALIDATE_PRODUCT = YES;
			};
			name = Release;
		};
		D7453F4C1A31966F00F7E32D /* Debug */ = {
			isa = XCBuildConfiguration;
			buildSettings = {
				ASSETCATALOG_COMPILER_APPICON_NAME = AppIcon;
				CLANG_ENABLE_MODULES = YES;
				CODE_SIGN_ENTITLEMENTS = VPNOn/VPNOn.entitlements;
				FRAMEWORK_SEARCH_PATHS = (
					"$(inherited)",
					"$(PROJECT_DIR)/Carthage/Build/iOS",
				);
				INFOPLIST_FILE = VPNOn/Info.plist;
				IPHONEOS_DEPLOYMENT_TARGET = 8.0;
				LD_RUNPATH_SEARCH_PATHS = "$(inherited) @executable_path/Frameworks";
				PRODUCT_BUNDLE_IDENTIFIER = com.LexTang.VPNOn;
				PRODUCT_MODULE_NAME = VPNOn;
				PRODUCT_NAME = "VPN On";
				PROVISIONING_PROFILE = "";
				SWIFT_OBJC_BRIDGING_HEADER = "VPNOn/VPNOn-Bridging-Header.h";
				SWIFT_OPTIMIZATION_LEVEL = "-Onone";
				TARGETED_DEVICE_FAMILY = "1,2";
			};
			name = Debug;
		};
		D7453F4D1A31966F00F7E32D /* Release */ = {
			isa = XCBuildConfiguration;
			buildSettings = {
				ASSETCATALOG_COMPILER_APPICON_NAME = AppIcon;
				CLANG_ENABLE_MODULES = YES;
				CODE_SIGN_ENTITLEMENTS = VPNOn/VPNOn.entitlements;
				FRAMEWORK_SEARCH_PATHS = (
					"$(inherited)",
					"$(PROJECT_DIR)/Carthage/Build/iOS",
				);
				INFOPLIST_FILE = VPNOn/Info.plist;
				IPHONEOS_DEPLOYMENT_TARGET = 8.0;
				LD_RUNPATH_SEARCH_PATHS = "$(inherited) @executable_path/Frameworks";
				PRODUCT_BUNDLE_IDENTIFIER = com.LexTang.VPNOn;
				PRODUCT_MODULE_NAME = VPNOn;
				PRODUCT_NAME = "VPN On";
				PROVISIONING_PROFILE = "";
				SWIFT_OBJC_BRIDGING_HEADER = "VPNOn/VPNOn-Bridging-Header.h";
				TARGETED_DEVICE_FAMILY = "1,2";
			};
			name = Release;
		};
		D74C91B21A383FED00EAAAE1 /* Debug */ = {
			isa = XCBuildConfiguration;
			buildSettings = {
				CODE_SIGN_ENTITLEMENTS = TodayWidget/TodayWidget.entitlements;
				FRAMEWORK_SEARCH_PATHS = (
					"$(inherited)",
					"$(PROJECT_DIR)/Carthage/Build/iOS",
				);
				GCC_PREPROCESSOR_DEFINITIONS = (
					"DEBUG=1",
					"$(inherited)",
				);
				INFOPLIST_FILE = TodayWidget/Info.plist;
				IPHONEOS_DEPLOYMENT_TARGET = 8.0;
				LD_RUNPATH_SEARCH_PATHS = "$(inherited) @executable_path/Frameworks @executable_path/../../Frameworks";
				PRODUCT_BUNDLE_IDENTIFIER = "com.LexTang.VPNOn.$(PRODUCT_NAME:rfc1034identifier)";
				PRODUCT_NAME = "$(TARGET_NAME)";
				PROVISIONING_PROFILE = "";
				SKIP_INSTALL = YES;
				TARGETED_DEVICE_FAMILY = "1,2";
			};
			name = Debug;
		};
		D74C91B31A383FED00EAAAE1 /* Release */ = {
			isa = XCBuildConfiguration;
			buildSettings = {
				CODE_SIGN_ENTITLEMENTS = TodayWidget/TodayWidget.entitlements;
				FRAMEWORK_SEARCH_PATHS = (
					"$(inherited)",
					"$(PROJECT_DIR)/Carthage/Build/iOS",
				);
				INFOPLIST_FILE = TodayWidget/Info.plist;
				IPHONEOS_DEPLOYMENT_TARGET = 8.0;
				LD_RUNPATH_SEARCH_PATHS = "$(inherited) @executable_path/Frameworks @executable_path/../../Frameworks";
				PRODUCT_BUNDLE_IDENTIFIER = "com.LexTang.VPNOn.$(PRODUCT_NAME:rfc1034identifier)";
				PRODUCT_NAME = "$(TARGET_NAME)";
				PROVISIONING_PROFILE = "";
				SKIP_INSTALL = YES;
				TARGETED_DEVICE_FAMILY = "1,2";
			};
			name = Release;
		};
		D757AF9F1A3B370F00AEF3CB /* Debug */ = {
			isa = XCBuildConfiguration;
			buildSettings = {
				APPLICATION_EXTENSION_API_ONLY = YES;
				CLANG_ENABLE_MODULES = YES;
				CURRENT_PROJECT_VERSION = 1;
				DEFINES_MODULE = YES;
				DYLIB_COMPATIBILITY_VERSION = 1;
				DYLIB_CURRENT_VERSION = 1;
				DYLIB_INSTALL_NAME_BASE = "@rpath";
				FRAMEWORK_SEARCH_PATHS = (
					"$(inherited)",
					"$(PROJECT_DIR)/Carthage/Build/iOS",
				);
				GCC_PREPROCESSOR_DEFINITIONS = (
					"DEBUG=1",
					"$(inherited)",
				);
				INFOPLIST_FILE = VPNOnKit/Info.plist;
				INSTALL_PATH = "$(LOCAL_LIBRARY_DIR)/Frameworks";
				IPHONEOS_DEPLOYMENT_TARGET = 8.0;
				LD_RUNPATH_SEARCH_PATHS = "$(inherited) @executable_path/Frameworks @loader_path/Frameworks";
				PRODUCT_BUNDLE_IDENTIFIER = "com.LexTang.$(PRODUCT_NAME:rfc1034identifier)";
				PRODUCT_NAME = "$(TARGET_NAME)";
				SKIP_INSTALL = YES;
				SWIFT_OPTIMIZATION_LEVEL = "-Onone";
				TARGETED_DEVICE_FAMILY = "1,2";
				VERSIONING_SYSTEM = "apple-generic";
				VERSION_INFO_PREFIX = "";
			};
			name = Debug;
		};
		D757AFA01A3B370F00AEF3CB /* Release */ = {
			isa = XCBuildConfiguration;
			buildSettings = {
				APPLICATION_EXTENSION_API_ONLY = YES;
				CLANG_ENABLE_MODULES = YES;
				CURRENT_PROJECT_VERSION = 1;
				DEFINES_MODULE = YES;
				DYLIB_COMPATIBILITY_VERSION = 1;
				DYLIB_CURRENT_VERSION = 1;
				DYLIB_INSTALL_NAME_BASE = "@rpath";
				FRAMEWORK_SEARCH_PATHS = (
					"$(inherited)",
					"$(PROJECT_DIR)/Carthage/Build/iOS",
				);
				INFOPLIST_FILE = VPNOnKit/Info.plist;
				INSTALL_PATH = "$(LOCAL_LIBRARY_DIR)/Frameworks";
				IPHONEOS_DEPLOYMENT_TARGET = 8.0;
				LD_RUNPATH_SEARCH_PATHS = "$(inherited) @executable_path/Frameworks @loader_path/Frameworks";
				PRODUCT_BUNDLE_IDENTIFIER = "com.LexTang.$(PRODUCT_NAME:rfc1034identifier)";
				PRODUCT_NAME = "$(TARGET_NAME)";
				SKIP_INSTALL = YES;
				SWIFT_OPTIMIZATION_LEVEL = "-Onone";
				TARGETED_DEVICE_FAMILY = "1,2";
				VERSIONING_SYSTEM = "apple-generic";
				VERSION_INFO_PREFIX = "";
			};
			name = Release;
		};
		D757AFA31A3B370F00AEF3CB /* Debug */ = {
			isa = XCBuildConfiguration;
			buildSettings = {
				FRAMEWORK_SEARCH_PATHS = (
					"$(SDKROOT)/Developer/Library/Frameworks",
					"$(inherited)",
				);
				GCC_PREPROCESSOR_DEFINITIONS = (
					"DEBUG=1",
					"$(inherited)",
				);
				INFOPLIST_FILE = VPNOnKitTests/Info.plist;
				LD_RUNPATH_SEARCH_PATHS = "$(inherited) @executable_path/Frameworks @loader_path/Frameworks";
				PRODUCT_BUNDLE_IDENTIFIER = "com.LexTang.$(PRODUCT_NAME:rfc1034identifier)";
				PRODUCT_NAME = "$(TARGET_NAME)";
				TEST_HOST = "$(BUILT_PRODUCTS_DIR)/VPN On.app/VPN On";
			};
			name = Debug;
		};
		D757AFA41A3B370F00AEF3CB /* Release */ = {
			isa = XCBuildConfiguration;
			buildSettings = {
				FRAMEWORK_SEARCH_PATHS = (
					"$(SDKROOT)/Developer/Library/Frameworks",
					"$(inherited)",
				);
				INFOPLIST_FILE = VPNOnKitTests/Info.plist;
				LD_RUNPATH_SEARCH_PATHS = "$(inherited) @executable_path/Frameworks @loader_path/Frameworks";
				PRODUCT_BUNDLE_IDENTIFIER = "com.LexTang.$(PRODUCT_NAME:rfc1034identifier)";
				PRODUCT_NAME = "$(TARGET_NAME)";
				TEST_HOST = "$(BUILT_PRODUCTS_DIR)/VPN On.app/VPN On";
			};
			name = Release;
		};
		D7EB525E1BBEE7A10021D93D /* Debug */ = {
			isa = XCBuildConfiguration;
			buildSettings = {
				DEBUG_INFORMATION_FORMAT = dwarf;
				GCC_NO_COMMON_BLOCKS = YES;
				INFOPLIST_FILE = VPNOnUITests/Info.plist;
				IPHONEOS_DEPLOYMENT_TARGET = 9.0;
				LD_RUNPATH_SEARCH_PATHS = "$(inherited) @executable_path/Frameworks @loader_path/Frameworks";
				PRODUCT_BUNDLE_IDENTIFIER = com.LexTang.VPNOnUITests;
				PRODUCT_NAME = "$(TARGET_NAME)";
				TEST_TARGET_NAME = VPNOn;
				USES_XCTRUNNER = YES;
			};
			name = Debug;
		};
		D7EB525F1BBEE7A10021D93D /* Release */ = {
			isa = XCBuildConfiguration;
			buildSettings = {
				COPY_PHASE_STRIP = NO;
				DEBUG_INFORMATION_FORMAT = "dwarf-with-dsym";
				GCC_NO_COMMON_BLOCKS = YES;
				INFOPLIST_FILE = VPNOnUITests/Info.plist;
				IPHONEOS_DEPLOYMENT_TARGET = 9.0;
				LD_RUNPATH_SEARCH_PATHS = "$(inherited) @executable_path/Frameworks @loader_path/Frameworks";
				PRODUCT_BUNDLE_IDENTIFIER = com.LexTang.VPNOnUITests;
				PRODUCT_NAME = "$(TARGET_NAME)";
				TEST_TARGET_NAME = VPNOn;
				USES_XCTRUNNER = YES;
			};
			name = Release;
		};
/* End XCBuildConfiguration section */

/* Begin XCConfigurationList section */
		D7453F241A31966F00F7E32D /* Build configuration list for PBXProject "VPNOn" */ = {
			isa = XCConfigurationList;
			buildConfigurations = (
				D7453F491A31966F00F7E32D /* Debug */,
				D7453F4A1A31966F00F7E32D /* Release */,
			);
			defaultConfigurationIsVisible = 0;
			defaultConfigurationName = Release;
		};
		D7453F4B1A31966F00F7E32D /* Build configuration list for PBXNativeTarget "VPNOn" */ = {
			isa = XCConfigurationList;
			buildConfigurations = (
				D7453F4C1A31966F00F7E32D /* Debug */,
				D7453F4D1A31966F00F7E32D /* Release */,
			);
			defaultConfigurationIsVisible = 0;
			defaultConfigurationName = Release;
		};
		D74C91B11A383FED00EAAAE1 /* Build configuration list for PBXNativeTarget "TodayWidget" */ = {
			isa = XCConfigurationList;
			buildConfigurations = (
				D74C91B21A383FED00EAAAE1 /* Debug */,
				D74C91B31A383FED00EAAAE1 /* Release */,
			);
			defaultConfigurationIsVisible = 0;
			defaultConfigurationName = Release;
		};
		D757AF9E1A3B370F00AEF3CB /* Build configuration list for PBXNativeTarget "VPNOnKit" */ = {
			isa = XCConfigurationList;
			buildConfigurations = (
				D757AF9F1A3B370F00AEF3CB /* Debug */,
				D757AFA01A3B370F00AEF3CB /* Release */,
			);
			defaultConfigurationIsVisible = 0;
			defaultConfigurationName = Release;
		};
		D757AFA21A3B370F00AEF3CB /* Build configuration list for PBXNativeTarget "VPNOnKitTests" */ = {
			isa = XCConfigurationList;
			buildConfigurations = (
				D757AFA31A3B370F00AEF3CB /* Debug */,
				D757AFA41A3B370F00AEF3CB /* Release */,
			);
			defaultConfigurationIsVisible = 0;
			defaultConfigurationName = Release;
		};
		D7EB52601BBEE7A10021D93D /* Build configuration list for PBXNativeTarget "VPNOnUITests" */ = {
			isa = XCConfigurationList;
			buildConfigurations = (
				D7EB525E1BBEE7A10021D93D /* Debug */,
				D7EB525F1BBEE7A10021D93D /* Release */,
			);
			defaultConfigurationIsVisible = 0;
			defaultConfigurationName = Release;
		};
/* End XCConfigurationList section */

/* Begin XCVersionGroup section */
		D7453F9F1A3196E200F7E32D /* VPNOn.xcdatamodeld */ = {
			isa = XCVersionGroup;
			children = (
				D70187501BD37B1E00A78112 /* VPN On 5.xcdatamodel */,
				D7CB6A301A7B5F7500B8B568 /* VPN On 4.xcdatamodel */,
				D79F73711A728C7D00EB2289 /* VPN On 3.xcdatamodel */,
				D7C7659E1A6CB0500010C170 /* VPN On 2.xcdatamodel */,
				D7453FA01A3196E200F7E32D /* VPN On.xcdatamodel */,
			);
			currentVersion = D70187501BD37B1E00A78112 /* VPN On 5.xcdatamodel */;
			path = VPNOn.xcdatamodeld;
			sourceTree = "<group>";
			versionGroupType = wrapper.xcdatamodel;
		};
/* End XCVersionGroup section */
	};
	rootObject = D7453F211A31966F00F7E32D /* Project object */;
}
